// !$*UTF8*$!
{
	archiveVersion = 1;
	classes = {
	};
	objectVersion = 46;
	objects = {

/* Begin PBXAggregateTarget section */
		039FC08FAEEE478F89384882 /* package */ = {
			isa = PBXAggregateTarget;
			buildConfigurationList = A19DC84831CA4693B7E27BB3 /* Build configuration list for PBXAggregateTarget "package" */;
			buildPhases = (
				0C8CC673AA634D6FB47B9FEE /* CMake PostBuild Rules */,
			);
			dependencies = (
				62B698FA67F641A7908206DB /* PBXTargetDependency */,
			);
			name = package;
			productName = package;
		};
		641A33EAFD68493787A1667C /* ZERO_CHECK */ = {
			isa = PBXAggregateTarget;
			buildConfigurationList = F67CC3D0B8D44C4CB051E208 /* Build configuration list for PBXAggregateTarget "ZERO_CHECK" */;
			buildPhases = (
				D38EFBC380F348AF9796D45D /* CMake Rules */,
			);
			dependencies = (
			);
			name = ZERO_CHECK;
			productName = ZERO_CHECK;
		};
		AD171B67AF564AAEBB1553CF /* ALL_BUILD */ = {
			isa = PBXAggregateTarget;
			buildConfigurationList = E5995EEC777240A981FC59EA /* Build configuration list for PBXAggregateTarget "ALL_BUILD" */;
			buildPhases = (
				AD4B7B5FA7484A36BEF057C9 /* CMake Rules */,
			);
			dependencies = (
				0468BB0F057B41B8BE5156F9 /* PBXTargetDependency */,
				CD28F63338364AB39D8E5102 /* PBXTargetDependency */,
			);
			name = ALL_BUILD;
			productName = ALL_BUILD;
		};
		C3C28814C367464E92068755 /* install */ = {
			isa = PBXAggregateTarget;
			buildConfigurationList = 5CDA9B98269A4FBABB578BA9 /* Build configuration list for PBXAggregateTarget "install" */;
			buildPhases = (
				55E6411A776E467D86FFC368 /* CMake PostBuild Rules */,
			);
			dependencies = (
				E00A65DC18C74DBBA19D72A1 /* PBXTargetDependency */,
			);
			name = install;
			productName = install;
		};
		D27C5248E0AC45BAAA62CCB3 /* RUN_TESTS */ = {
			isa = PBXAggregateTarget;
			buildConfigurationList = CFEB52E2FAAE43B7A5DF80F7 /* Build configuration list for PBXAggregateTarget "RUN_TESTS" */;
			buildPhases = (
				0C3AA6CE517942AE939E8B08 /* CMake PostBuild Rules */,
			);
			dependencies = (
			);
			name = RUN_TESTS;
			productName = RUN_TESTS;
		};
/* End PBXAggregateTarget section */

/* Begin PBXBuildFile section */
		049D39DA0A3645EDB3A2DBC3 /* /Users/chushoutv/Desktop/opencv-3.3.1/apps/traincascade/traincascade.cpp */ = {isa = PBXBuildFile; fileRef = 2B531F1120684C73A404BF48 /* /Users/chushoutv/Desktop/opencv-3.3.1/apps/traincascade/traincascade.cpp */; };
		1DCE43A682454DADAAD29F27 /* /Users/chushoutv/Desktop/opencv-3.3.1/apps/traincascade/traincascade_features.h */ = {isa = PBXBuildFile; fileRef = 85717959B6DA49968B6A20A1 /* /Users/chushoutv/Desktop/opencv-3.3.1/apps/traincascade/traincascade_features.h */; };
		251FC31D2E334F7F8C5ECBED /* /Users/chushoutv/Desktop/opencv-3.3.1/apps/traincascade/HOGfeatures.h */ = {isa = PBXBuildFile; fileRef = 28FF39B8FAAB4BD5AFBE631B /* /Users/chushoutv/Desktop/opencv-3.3.1/apps/traincascade/HOGfeatures.h */; };
		2A49DBA705BC4C1CA8164604 /* /Users/chushoutv/Desktop/opencv-3.3.1/apps/traincascade/cascadeclassifier.h */ = {isa = PBXBuildFile; fileRef = 38A890EB516C476D831E2FE9 /* /Users/chushoutv/Desktop/opencv-3.3.1/apps/traincascade/cascadeclassifier.h */; };
		3A3BFD16B9914AE093545382 /* /Users/chushoutv/Desktop/opencv-3.3.1/apps/traincascade/features.cpp */ = {isa = PBXBuildFile; fileRef = D9996EE5BD1D42879FB29D61 /* /Users/chushoutv/Desktop/opencv-3.3.1/apps/traincascade/features.cpp */; };
		43FA237617274D34A0060956 /* /Users/chushoutv/Desktop/opencv-3.3.1/apps/traincascade/old_ml_data.cpp */ = {isa = PBXBuildFile; fileRef = A2E3D1A8F81349029A32C9A9 /* /Users/chushoutv/Desktop/opencv-3.3.1/apps/traincascade/old_ml_data.cpp */; };
		5EF34C22EE1B4D6AB48F2E3F /* /Users/chushoutv/Desktop/opencv-3.3.1/apps/traincascade/old_ml_tree.cpp */ = {isa = PBXBuildFile; fileRef = 60C9D24AF1324E6A9A0AB886 /* /Users/chushoutv/Desktop/opencv-3.3.1/apps/traincascade/old_ml_tree.cpp */; };
		67F758FE01BD4B26BAEA0720 /* /Users/chushoutv/Desktop/opencv-3.3.1/apps/traincascade/imagestorage.cpp */ = {isa = PBXBuildFile; fileRef = DA156379F75B43B9B920F2E6 /* /Users/chushoutv/Desktop/opencv-3.3.1/apps/traincascade/imagestorage.cpp */; };
		699144ADCA7B46F699B270FB /* /Users/chushoutv/Desktop/opencv-3.3.1/apps/traincascade/haarfeatures.cpp */ = {isa = PBXBuildFile; fileRef = DF95627AC56041CD8989BC70 /* /Users/chushoutv/Desktop/opencv-3.3.1/apps/traincascade/haarfeatures.cpp */; };
		7627C446E6524C118D5504E1 /* /Users/chushoutv/Desktop/opencv-3.3.1/apps/traincascade/CMakeLists.txt */ = {isa = PBXBuildFile; fileRef = 5ED211BF4C97460C9F2D2137 /* /Users/chushoutv/Desktop/opencv-3.3.1/apps/traincascade/CMakeLists.txt */; };
		843A088FB2E84F4A8E558D31 /* /Users/chushoutv/Desktop/opencv-3.3.1/apps/traincascade/imagestorage.h */ = {isa = PBXBuildFile; fileRef = AFE59DBF120E45B69BFC8A87 /* /Users/chushoutv/Desktop/opencv-3.3.1/apps/traincascade/imagestorage.h */; };
		8E041AE8105C454D9062E392 /* /Users/chushoutv/Desktop/opencv-3.3.1/apps/traincascade/boost.cpp */ = {isa = PBXBuildFile; fileRef = A52A0045DE524F989659D2B6 /* /Users/chushoutv/Desktop/opencv-3.3.1/apps/traincascade/boost.cpp */; };
		909B43A2041341CFBA46AFEB /* /Users/chushoutv/Desktop/opencv-3.3.1/apps/traincascade/old_ml_precomp.hpp */ = {isa = PBXBuildFile; fileRef = 458A81F3D89C4E21A817BB69 /* /Users/chushoutv/Desktop/opencv-3.3.1/apps/traincascade/old_ml_precomp.hpp */; };
		90D2CEF9E5FF4BF98E6C89D3 /* /Users/chushoutv/Desktop/opencv-3.3.1/apps/traincascade/cascadeclassifier.cpp */ = {isa = PBXBuildFile; fileRef = 4AA13F403FB1492F814877D3 /* /Users/chushoutv/Desktop/opencv-3.3.1/apps/traincascade/cascadeclassifier.cpp */; };
		9A58072399C24AE98776B8E8 /* /Users/chushoutv/Desktop/opencv-3.3.1/apps/traincascade/boost.h */ = {isa = PBXBuildFile; fileRef = A7994D0966354E4EB096A7B4 /* /Users/chushoutv/Desktop/opencv-3.3.1/apps/traincascade/boost.h */; };
		9ED1509706B54CB3ABA64D97 /* /Users/chushoutv/Desktop/opencv-3.3.1/apps/traincascade/haarfeatures.h */ = {isa = PBXBuildFile; fileRef = 86286AA6CC234E83A2BEC815 /* /Users/chushoutv/Desktop/opencv-3.3.1/apps/traincascade/haarfeatures.h */; };
		AF19ED932B4B496A8EFDA5DF /* /Users/chushoutv/Desktop/opencv-3.3.1/apps/traincascade/lbpfeatures.cpp */ = {isa = PBXBuildFile; fileRef = 8A4F3AF99D464D3787F3712A /* /Users/chushoutv/Desktop/opencv-3.3.1/apps/traincascade/lbpfeatures.cpp */; };
		C927ED248F824CA2BB0DBA5A /* /Users/chushoutv/Desktop/opencv-3.3.1/apps/traincascade/lbpfeatures.h */ = {isa = PBXBuildFile; fileRef = 5926F83B9B484B39BC972658 /* /Users/chushoutv/Desktop/opencv-3.3.1/apps/traincascade/lbpfeatures.h */; };
		D2B056C79CBA4F088734E1A8 /* /Users/chushoutv/Desktop/opencv-3.3.1/apps/traincascade/HOGfeatures.cpp */ = {isa = PBXBuildFile; fileRef = EBD282E944A3407FBB71AE41 /* /Users/chushoutv/Desktop/opencv-3.3.1/apps/traincascade/HOGfeatures.cpp */; };
		D39BFC0E7B3A4210AA9CF11E /* /Users/chushoutv/Desktop/opencv-3.3.1/apps/traincascade/old_ml.hpp */ = {isa = PBXBuildFile; fileRef = 4FBEB51CB19B47EDA8E1DE4D /* /Users/chushoutv/Desktop/opencv-3.3.1/apps/traincascade/old_ml.hpp */; };
		D430FB534A154A5AB0BFB828 /* /Users/chushoutv/Desktop/opencv-3.3.1/apps/traincascade/old_ml_inner_functions.cpp */ = {isa = PBXBuildFile; fileRef = CAF43E8A319C4ED1A9351BEF /* /Users/chushoutv/Desktop/opencv-3.3.1/apps/traincascade/old_ml_inner_functions.cpp */; };
		FF3D7C964A69419B8F001D1A /* /Users/chushoutv/Desktop/opencv-3.3.1/apps/traincascade/old_ml_boost.cpp */ = {isa = PBXBuildFile; fileRef = 5090D48D445444E898FF6537 /* /Users/chushoutv/Desktop/opencv-3.3.1/apps/traincascade/old_ml_boost.cpp */; };
/* End PBXBuildFile section */

/* Begin PBXBuildStyle section */
		62ED835FA309410CA9E20506 /* Debug */ = {
			isa = PBXBuildStyle;
			buildSettings = {
				COPY_PHASE_STRIP = NO;
			};
			name = Debug;
		};
		887D16371C49436699035F6D /* Release */ = {
			isa = PBXBuildStyle;
			buildSettings = {
				COPY_PHASE_STRIP = NO;
			};
			name = Release;
		};
/* End PBXBuildStyle section */

/* Begin PBXContainerItemProxy section */
		17BA4FFB3AF8458ABAB1EA8A /* PBXContainerItemProxy */ = {
			isa = PBXContainerItemProxy;
			containerPortal = 989ABBF9B6B04888A8525A98 /* Project object */;
			proxyType = 1;
			remoteGlobalIDString = AD171B67AF564AAEBB1553CF;
			remoteInfo = ALL_BUILD;
		};
		192D9518FC3E46F0BEAED6D0 /* PBXContainerItemProxy */ = {
			isa = PBXContainerItemProxy;
			containerPortal = 989ABBF9B6B04888A8525A98 /* Project object */;
			proxyType = 1;
			remoteGlobalIDString = C846A56E78B147FC8A1F70A4;
			remoteInfo = opencv_traincascade;
		};
		3319C0170DB64D55A52419AC /* PBXContainerItemProxy */ = {
			isa = PBXContainerItemProxy;
			containerPortal = 989ABBF9B6B04888A8525A98 /* Project object */;
			proxyType = 1;
			remoteGlobalIDString = AD171B67AF564AAEBB1553CF;
			remoteInfo = ALL_BUILD;
		};
		BD225CFF013B4387AC890A21 /* PBXContainerItemProxy */ = {
			isa = PBXContainerItemProxy;
			containerPortal = 989ABBF9B6B04888A8525A98 /* Project object */;
			proxyType = 1;
			remoteGlobalIDString = 641A33EAFD68493787A1667C;
			remoteInfo = ZERO_CHECK;
		};
		F21BF683BBD046BBBB5F292E /* PBXContainerItemProxy */ = {
			isa = PBXContainerItemProxy;
			containerPortal = 989ABBF9B6B04888A8525A98 /* Project object */;
			proxyType = 1;
			remoteGlobalIDString = 641A33EAFD68493787A1667C;
			remoteInfo = ZERO_CHECK;
		};
/* End PBXContainerItemProxy section */

/* Begin PBXFileReference section */
		28FF39B8FAAB4BD5AFBE631B /* /Users/chushoutv/Desktop/opencv-3.3.1/apps/traincascade/HOGfeatures.h */ = {isa = PBXFileReference; explicitFileType = sourcecode.c.h; fileEncoding = 4; name = HOGfeatures.h; path = HOGfeatures.h; sourceTree = SOURCE_ROOT; };
		2B531F1120684C73A404BF48 /* /Users/chushoutv/Desktop/opencv-3.3.1/apps/traincascade/traincascade.cpp */ = {isa = PBXFileReference; explicitFileType = sourcecode.cpp.cpp; fileEncoding = 4; name = traincascade.cpp; path = traincascade.cpp; sourceTree = SOURCE_ROOT; };
		38A890EB516C476D831E2FE9 /* /Users/chushoutv/Desktop/opencv-3.3.1/apps/traincascade/cascadeclassifier.h */ = {isa = PBXFileReference; explicitFileType = sourcecode.c.h; fileEncoding = 4; name = cascadeclassifier.h; path = cascadeclassifier.h; sourceTree = SOURCE_ROOT; };
		458A81F3D89C4E21A817BB69 /* /Users/chushoutv/Desktop/opencv-3.3.1/apps/traincascade/old_ml_precomp.hpp */ = {isa = PBXFileReference; explicitFileType = sourcecode.cpp.h; fileEncoding = 4; name = old_ml_precomp.hpp; path = old_ml_precomp.hpp; sourceTree = SOURCE_ROOT; };
		4AA13F403FB1492F814877D3 /* /Users/chushoutv/Desktop/opencv-3.3.1/apps/traincascade/cascadeclassifier.cpp */ = {isa = PBXFileReference; explicitFileType = sourcecode.cpp.cpp; fileEncoding = 4; name = cascadeclassifier.cpp; path = cascadeclassifier.cpp; sourceTree = SOURCE_ROOT; };
		4FBEB51CB19B47EDA8E1DE4D /* /Users/chushoutv/Desktop/opencv-3.3.1/apps/traincascade/old_ml.hpp */ = {isa = PBXFileReference; explicitFileType = sourcecode.cpp.h; fileEncoding = 4; name = old_ml.hpp; path = old_ml.hpp; sourceTree = SOURCE_ROOT; };
		5090D48D445444E898FF6537 /* /Users/chushoutv/Desktop/opencv-3.3.1/apps/traincascade/old_ml_boost.cpp */ = {isa = PBXFileReference; explicitFileType = sourcecode.cpp.cpp; fileEncoding = 4; name = old_ml_boost.cpp; path = old_ml_boost.cpp; sourceTree = SOURCE_ROOT; };
		5926F83B9B484B39BC972658 /* /Users/chushoutv/Desktop/opencv-3.3.1/apps/traincascade/lbpfeatures.h */ = {isa = PBXFileReference; explicitFileType = sourcecode.c.h; fileEncoding = 4; name = lbpfeatures.h; path = lbpfeatures.h; sourceTree = SOURCE_ROOT; };
		5ED211BF4C97460C9F2D2137 /* /Users/chushoutv/Desktop/opencv-3.3.1/apps/traincascade/CMakeLists.txt */ = {isa = PBXFileReference; explicitFileType = sourcecode.text; fileEncoding = 4; name = CMakeLists.txt; path = CMakeLists.txt; sourceTree = SOURCE_ROOT; };
		60C9D24AF1324E6A9A0AB886 /* /Users/chushoutv/Desktop/opencv-3.3.1/apps/traincascade/old_ml_tree.cpp */ = {isa = PBXFileReference; explicitFileType = sourcecode.cpp.cpp; fileEncoding = 4; name = old_ml_tree.cpp; path = old_ml_tree.cpp; sourceTree = SOURCE_ROOT; };
		85717959B6DA49968B6A20A1 /* /Users/chushoutv/Desktop/opencv-3.3.1/apps/traincascade/traincascade_features.h */ = {isa = PBXFileReference; explicitFileType = sourcecode.c.h; fileEncoding = 4; name = traincascade_features.h; path = traincascade_features.h; sourceTree = SOURCE_ROOT; };
		86286AA6CC234E83A2BEC815 /* /Users/chushoutv/Desktop/opencv-3.3.1/apps/traincascade/haarfeatures.h */ = {isa = PBXFileReference; explicitFileType = sourcecode.c.h; fileEncoding = 4; name = haarfeatures.h; path = haarfeatures.h; sourceTree = SOURCE_ROOT; };
		8A4F3AF99D464D3787F3712A /* /Users/chushoutv/Desktop/opencv-3.3.1/apps/traincascade/lbpfeatures.cpp */ = {isa = PBXFileReference; explicitFileType = sourcecode.cpp.cpp; fileEncoding = 4; name = lbpfeatures.cpp; path = lbpfeatures.cpp; sourceTree = SOURCE_ROOT; };
		993A5AEAA9C34DDFB38D4B7D /* /Users/chushoutv/Desktop/opencv-3.3.1/apps/traincascade/CMakeLists.txt */ = {isa = PBXFileReference; explicitFileType = sourcecode.text; fileEncoding = 4; name = CMakeLists.txt; path = CMakeLists.txt; sourceTree = SOURCE_ROOT; };
		A2E3D1A8F81349029A32C9A9 /* /Users/chushoutv/Desktop/opencv-3.3.1/apps/traincascade/old_ml_data.cpp */ = {isa = PBXFileReference; explicitFileType = sourcecode.cpp.cpp; fileEncoding = 4; name = old_ml_data.cpp; path = old_ml_data.cpp; sourceTree = SOURCE_ROOT; };
		A2FF13D3F3D047F89502C9B3 /* opencv_traincascade */ = {isa = PBXFileReference; explicitFileType = "compiled.mach-o.executable"; path = opencv_traincascade; sourceTree = BUILT_PRODUCTS_DIR; };
		A52A0045DE524F989659D2B6 /* /Users/chushoutv/Desktop/opencv-3.3.1/apps/traincascade/boost.cpp */ = {isa = PBXFileReference; explicitFileType = sourcecode.cpp.cpp; fileEncoding = 4; name = boost.cpp; path = boost.cpp; sourceTree = SOURCE_ROOT; };
		A7994D0966354E4EB096A7B4 /* /Users/chushoutv/Desktop/opencv-3.3.1/apps/traincascade/boost.h */ = {isa = PBXFileReference; explicitFileType = sourcecode.c.h; fileEncoding = 4; name = boost.h; path = boost.h; sourceTree = SOURCE_ROOT; };
		AFE59DBF120E45B69BFC8A87 /* /Users/chushoutv/Desktop/opencv-3.3.1/apps/traincascade/imagestorage.h */ = {isa = PBXFileReference; explicitFileType = sourcecode.c.h; fileEncoding = 4; name = imagestorage.h; path = imagestorage.h; sourceTree = SOURCE_ROOT; };
		CAF43E8A319C4ED1A9351BEF /* /Users/chushoutv/Desktop/opencv-3.3.1/apps/traincascade/old_ml_inner_functions.cpp */ = {isa = PBXFileReference; explicitFileType = sourcecode.cpp.cpp; fileEncoding = 4; name = old_ml_inner_functions.cpp; path = old_ml_inner_functions.cpp; sourceTree = SOURCE_ROOT; };
		D9996EE5BD1D42879FB29D61 /* /Users/chushoutv/Desktop/opencv-3.3.1/apps/traincascade/features.cpp */ = {isa = PBXFileReference; explicitFileType = sourcecode.cpp.cpp; fileEncoding = 4; name = features.cpp; path = features.cpp; sourceTree = SOURCE_ROOT; };
		DA156379F75B43B9B920F2E6 /* /Users/chushoutv/Desktop/opencv-3.3.1/apps/traincascade/imagestorage.cpp */ = {isa = PBXFileReference; explicitFileType = sourcecode.cpp.cpp; fileEncoding = 4; name = imagestorage.cpp; path = imagestorage.cpp; sourceTree = SOURCE_ROOT; };
		DF95627AC56041CD8989BC70 /* /Users/chushoutv/Desktop/opencv-3.3.1/apps/traincascade/haarfeatures.cpp */ = {isa = PBXFileReference; explicitFileType = sourcecode.cpp.cpp; fileEncoding = 4; name = haarfeatures.cpp; path = haarfeatures.cpp; sourceTree = SOURCE_ROOT; };
		EBD282E944A3407FBB71AE41 /* /Users/chushoutv/Desktop/opencv-3.3.1/apps/traincascade/HOGfeatures.cpp */ = {isa = PBXFileReference; explicitFileType = sourcecode.cpp.cpp; fileEncoding = 4; name = HOGfeatures.cpp; path = HOGfeatures.cpp; sourceTree = SOURCE_ROOT; };
		EF4A4553AA9D4E1283AF7764 /* /Users/chushoutv/Desktop/opencv-3.3.1/apps/traincascade/CMakeLists.txt */ = {isa = PBXFileReference; explicitFileType = sourcecode.text; fileEncoding = 4; name = CMakeLists.txt; path = CMakeLists.txt; sourceTree = SOURCE_ROOT; };
/* End PBXFileReference section */

/* Begin PBXGroup section */
		3B78C049F8AE44A1A6A367A1 /* Header Files */ = {
			isa = PBXGroup;
			children = (
				28FF39B8FAAB4BD5AFBE631B /* /Users/chushoutv/Desktop/opencv-3.3.1/apps/traincascade/HOGfeatures.h */,
				A7994D0966354E4EB096A7B4 /* /Users/chushoutv/Desktop/opencv-3.3.1/apps/traincascade/boost.h */,
				38A890EB516C476D831E2FE9 /* /Users/chushoutv/Desktop/opencv-3.3.1/apps/traincascade/cascadeclassifier.h */,
				86286AA6CC234E83A2BEC815 /* /Users/chushoutv/Desktop/opencv-3.3.1/apps/traincascade/haarfeatures.h */,
				AFE59DBF120E45B69BFC8A87 /* /Users/chushoutv/Desktop/opencv-3.3.1/apps/traincascade/imagestorage.h */,
				5926F83B9B484B39BC972658 /* /Users/chushoutv/Desktop/opencv-3.3.1/apps/traincascade/lbpfeatures.h */,
				4FBEB51CB19B47EDA8E1DE4D /* /Users/chushoutv/Desktop/opencv-3.3.1/apps/traincascade/old_ml.hpp */,
				458A81F3D89C4E21A817BB69 /* /Users/chushoutv/Desktop/opencv-3.3.1/apps/traincascade/old_ml_precomp.hpp */,
				85717959B6DA49968B6A20A1 /* /Users/chushoutv/Desktop/opencv-3.3.1/apps/traincascade/traincascade_features.h */,
			);
			name = "Header Files";
			sourceTree = "<group>";
		};
		478725068D924AA79E129C72 /* CMake Rules */ = {
			isa = PBXGroup;
			children = (
			);
			name = "CMake Rules";
			sourceTree = "<group>";
		};
		5B7D61CCF78E45E69D166CB3 = {
			isa = PBXGroup;
			children = (
				C2EEAA1057BF46FC9816D293 /* applications */,
				B926C2211DB7400A8BCDCF29 /* ALL_BUILD */,
				9750B6F0EF0947CE9DDA12D9 /* ZERO_CHECK */,
				B6D3819140024DBBA03AD6D8 /* Products */,
			);
			sourceTree = "<group>";
		};
		6CE87A6F44A94F4AA90A2B71 /* Source Files */ = {
			isa = PBXGroup;
			children = (
				EBD282E944A3407FBB71AE41 /* /Users/chushoutv/Desktop/opencv-3.3.1/apps/traincascade/HOGfeatures.cpp */,
				A52A0045DE524F989659D2B6 /* /Users/chushoutv/Desktop/opencv-3.3.1/apps/traincascade/boost.cpp */,
				4AA13F403FB1492F814877D3 /* /Users/chushoutv/Desktop/opencv-3.3.1/apps/traincascade/cascadeclassifier.cpp */,
				D9996EE5BD1D42879FB29D61 /* /Users/chushoutv/Desktop/opencv-3.3.1/apps/traincascade/features.cpp */,
				DF95627AC56041CD8989BC70 /* /Users/chushoutv/Desktop/opencv-3.3.1/apps/traincascade/haarfeatures.cpp */,
				DA156379F75B43B9B920F2E6 /* /Users/chushoutv/Desktop/opencv-3.3.1/apps/traincascade/imagestorage.cpp */,
				8A4F3AF99D464D3787F3712A /* /Users/chushoutv/Desktop/opencv-3.3.1/apps/traincascade/lbpfeatures.cpp */,
				5090D48D445444E898FF6537 /* /Users/chushoutv/Desktop/opencv-3.3.1/apps/traincascade/old_ml_boost.cpp */,
				A2E3D1A8F81349029A32C9A9 /* /Users/chushoutv/Desktop/opencv-3.3.1/apps/traincascade/old_ml_data.cpp */,
				CAF43E8A319C4ED1A9351BEF /* /Users/chushoutv/Desktop/opencv-3.3.1/apps/traincascade/old_ml_inner_functions.cpp */,
				60C9D24AF1324E6A9A0AB886 /* /Users/chushoutv/Desktop/opencv-3.3.1/apps/traincascade/old_ml_tree.cpp */,
				2B531F1120684C73A404BF48 /* /Users/chushoutv/Desktop/opencv-3.3.1/apps/traincascade/traincascade.cpp */,
			);
			name = "Source Files";
			sourceTree = "<group>";
		};
		9750B6F0EF0947CE9DDA12D9 /* ZERO_CHECK */ = {
			isa = PBXGroup;
			children = (
				CA19E0A773C44AB88B0F966D /* CMake Rules */,
				993A5AEAA9C34DDFB38D4B7D /* /Users/chushoutv/Desktop/opencv-3.3.1/apps/traincascade/CMakeLists.txt */,
			);
			name = ZERO_CHECK;
			sourceTree = "<group>";
		};
		A5F4AFAC93FC4A0A85DCCA6C /* opencv_traincascade */ = {
			isa = PBXGroup;
			children = (
				6CE87A6F44A94F4AA90A2B71 /* Source Files */,
				3B78C049F8AE44A1A6A367A1 /* Header Files */,
				5ED211BF4C97460C9F2D2137 /* /Users/chushoutv/Desktop/opencv-3.3.1/apps/traincascade/CMakeLists.txt */,
			);
			name = opencv_traincascade;
			sourceTree = "<group>";
		};
		B6D3819140024DBBA03AD6D8 /* Products */ = {
			isa = PBXGroup;
			children = (
				A2FF13D3F3D047F89502C9B3 /* opencv_traincascade */,
			);
			name = Products;
			sourceTree = "<group>";
		};
		B926C2211DB7400A8BCDCF29 /* ALL_BUILD */ = {
			isa = PBXGroup;
			children = (
				478725068D924AA79E129C72 /* CMake Rules */,
				EF4A4553AA9D4E1283AF7764 /* /Users/chushoutv/Desktop/opencv-3.3.1/apps/traincascade/CMakeLists.txt */,
			);
			name = ALL_BUILD;
			sourceTree = "<group>";
		};
		C2EEAA1057BF46FC9816D293 /* applications */ = {
			isa = PBXGroup;
			children = (
				A5F4AFAC93FC4A0A85DCCA6C /* opencv_traincascade */,
			);
			name = applications;
			sourceTree = "<group>";
		};
		CA19E0A773C44AB88B0F966D /* CMake Rules */ = {
			isa = PBXGroup;
			children = (
			);
			name = "CMake Rules";
			sourceTree = "<group>";
		};
/* End PBXGroup section */

/* Begin PBXNativeTarget section */
		C846A56E78B147FC8A1F70A4 /* opencv_traincascade */ = {
			isa = PBXNativeTarget;
			buildConfigurationList = 14738462FFEC4183A4162157 /* Build configuration list for PBXNativeTarget "opencv_traincascade" */;
			buildPhases = (
				4844F306AD47455CA6D55946 /* Sources */,
			);
			buildRules = (
			);
			dependencies = (
				29444FE794284AA99CDFBCC9 /* PBXTargetDependency */,
			);
			name = opencv_traincascade;
			productName = opencv_traincascade;
			productReference = A2FF13D3F3D047F89502C9B3 /* opencv_traincascade */;
			productType = "com.apple.product-type.tool";
		};
/* End PBXNativeTarget section */

/* Begin PBXProject section */
		989ABBF9B6B04888A8525A98 /* Project object */ = {
			isa = PBXProject;
			attributes = {
				BuildIndependentTargetsInParallel = YES;
				LastUpgradeCheck = 0900;
			};
			buildConfigurationList = 96E57EFEAB64440B9EC45795 /* Build configuration list for PBXProject "traincascade" */;
			buildSettings = {
			};
			buildStyles = (
				62ED835FA309410CA9E20506 /* Debug */,
				887D16371C49436699035F6D /* Release */,
			);
			compatibilityVersion = "Xcode 3.2";
			hasScannedForEncodings = 0;
			mainGroup = 5B7D61CCF78E45E69D166CB3;
			projectDirPath = ../../../apps/traincascade;
			projectRoot = "";
			targets = (
				AD171B67AF564AAEBB1553CF /* ALL_BUILD */,
				D27C5248E0AC45BAAA62CCB3 /* RUN_TESTS */,
				641A33EAFD68493787A1667C /* ZERO_CHECK */,
				C3C28814C367464E92068755 /* install */,
				C846A56E78B147FC8A1F70A4 /* opencv_traincascade */,
				039FC08FAEEE478F89384882 /* package */,
			);
		};
/* End PBXProject section */

/* Begin PBXShellScriptBuildPhase section */
		0A5EBE768B1F4C9BB1952B45 = {
			isa = PBXShellScriptBuildPhase;
			buildActionMask = 2147483647;
			files = (
			);
			inputPaths = (
			);
			outputPaths = (
			);
			runOnlyForDeploymentPostprocessing = 0;
			shellPath = /bin/sh;
			shellScript = "# shell script goes here
exit 0";
			showEnvVarsInLog = 0;
		};
		0C3AA6CE517942AE939E8B08 /* CMake PostBuild Rules */ = {
			isa = PBXShellScriptBuildPhase;
			buildActionMask = 2147483647;
			files = (
			);
			name = "CMake PostBuild Rules";
			outputPaths = (
			);
			runOnlyForDeploymentPostprocessing = 0;
			shellPath = /bin/sh;
			shellScript = "make -C /Users/chushoutv/Desktop/opencv-3.3.1/bulid/apps/traincascade -f /Users/chushoutv/Desktop/opencv-3.3.1/bulid/apps/traincascade/CMakeScripts/RUN_TESTS_postBuildPhase.make$CONFIGURATION all";
			showEnvVarsInLog = 0;
		};
		0C8CC673AA634D6FB47B9FEE /* CMake PostBuild Rules */ = {
			isa = PBXShellScriptBuildPhase;
			buildActionMask = 2147483647;
			files = (
			);
			name = "CMake PostBuild Rules";
			outputPaths = (
			);
			runOnlyForDeploymentPostprocessing = 0;
			shellPath = /bin/sh;
			shellScript = "make -C /Users/chushoutv/Desktop/opencv-3.3.1/bulid/apps/traincascade -f /Users/chushoutv/Desktop/opencv-3.3.1/bulid/apps/traincascade/CMakeScripts/package_postBuildPhase.make$CONFIGURATION all";
			showEnvVarsInLog = 0;
		};
		0DFE2A8110B0474FB774A9C5 = {
			isa = PBXShellScriptBuildPhase;
			buildActionMask = 2147483647;
			files = (
			);
			inputPaths = (
			);
			outputPaths = (
			);
			runOnlyForDeploymentPostprocessing = 0;
			shellPath = /bin/sh;
			shellScript = "# shell script goes here
exit 0";
			showEnvVarsInLog = 0;
		};
		55E6411A776E467D86FFC368 /* CMake PostBuild Rules */ = {
			isa = PBXShellScriptBuildPhase;
			buildActionMask = 2147483647;
			files = (
			);
			name = "CMake PostBuild Rules";
			outputPaths = (
			);
			runOnlyForDeploymentPostprocessing = 0;
			shellPath = /bin/sh;
			shellScript = "make -C /Users/chushoutv/Desktop/opencv-3.3.1/bulid/apps/traincascade -f /Users/chushoutv/Desktop/opencv-3.3.1/bulid/apps/traincascade/CMakeScripts/install_postBuildPhase.make$CONFIGURATION all";
			showEnvVarsInLog = 0;
		};
		69A28FBE6FFB43F3AB3DEEDD = {
			isa = PBXShellScriptBuildPhase;
			buildActionMask = 2147483647;
			files = (
			);
			inputPaths = (
			);
			outputPaths = (
			);
			runOnlyForDeploymentPostprocessing = 0;
			shellPath = /bin/sh;
			shellScript = "# shell script goes here
exit 0";
			showEnvVarsInLog = 0;
		};
		87CE97ADB92042648F20340A = {
			isa = PBXShellScriptBuildPhase;
			buildActionMask = 2147483647;
			files = (
			);
			inputPaths = (
			);
			outputPaths = (
			);
			runOnlyForDeploymentPostprocessing = 0;
			shellPath = /bin/sh;
			shellScript = "# shell script goes here
exit 0";
			showEnvVarsInLog = 0;
		};
		A155FDC0390B49999BB3AE6F = {
			isa = PBXShellScriptBuildPhase;
			buildActionMask = 2147483647;
			files = (
			);
			inputPaths = (
			);
			outputPaths = (
			);
			runOnlyForDeploymentPostprocessing = 0;
			shellPath = /bin/sh;
			shellScript = "# shell script goes here
exit 0";
			showEnvVarsInLog = 0;
		};
		AD4B7B5FA7484A36BEF057C9 /* CMake Rules */ = {
			isa = PBXShellScriptBuildPhase;
			buildActionMask = 2147483647;
			files = (
			);
			name = "CMake Rules";
			outputPaths = (
"/Users/chushoutv/Desktop/opencv-3.3.1/bulid/apps/traincascade/CMakeFiles/ALL_BUILD"			);
			runOnlyForDeploymentPostprocessing = 0;
			shellPath = /bin/sh;
			shellScript = "make -C /Users/chushoutv/Desktop/opencv-3.3.1/bulid/apps/traincascade -f /Users/chushoutv/Desktop/opencv-3.3.1/bulid/apps/traincascade/CMakeScripts/ALL_BUILD_cmakeRulesBuildPhase.make$CONFIGURATION all";
			showEnvVarsInLog = 0;
		};
		D38EFBC380F348AF9796D45D /* CMake Rules */ = {
			isa = PBXShellScriptBuildPhase;
			buildActionMask = 2147483647;
			files = (
			);
			name = "CMake Rules";
			outputPaths = (
"/Users/chushoutv/Desktop/opencv-3.3.1/bulid/apps/traincascade/CMakeFiles/ZERO_CHECK"			);
			runOnlyForDeploymentPostprocessing = 0;
			shellPath = /bin/sh;
			shellScript = "make -C /Users/chushoutv/Desktop/opencv-3.3.1/bulid/apps/traincascade -f /Users/chushoutv/Desktop/opencv-3.3.1/bulid/apps/traincascade/CMakeScripts/ZERO_CHECK_cmakeRulesBuildPhase.make$CONFIGURATION all";
			showEnvVarsInLog = 0;
		};
/* End PBXShellScriptBuildPhase section */

/* Begin PBXSourcesBuildPhase section */
		4844F306AD47455CA6D55946 /* Sources */ = {
			isa = PBXSourcesBuildPhase;
			buildActionMask = 2147483647;
			files = (
				D2B056C79CBA4F088734E1A8 /* /Users/chushoutv/Desktop/opencv-3.3.1/apps/traincascade/HOGfeatures.cpp */,
				8E041AE8105C454D9062E392 /* /Users/chushoutv/Desktop/opencv-3.3.1/apps/traincascade/boost.cpp */,
				90D2CEF9E5FF4BF98E6C89D3 /* /Users/chushoutv/Desktop/opencv-3.3.1/apps/traincascade/cascadeclassifier.cpp */,
				3A3BFD16B9914AE093545382 /* /Users/chushoutv/Desktop/opencv-3.3.1/apps/traincascade/features.cpp */,
				699144ADCA7B46F699B270FB /* /Users/chushoutv/Desktop/opencv-3.3.1/apps/traincascade/haarfeatures.cpp */,
				67F758FE01BD4B26BAEA0720 /* /Users/chushoutv/Desktop/opencv-3.3.1/apps/traincascade/imagestorage.cpp */,
				AF19ED932B4B496A8EFDA5DF /* /Users/chushoutv/Desktop/opencv-3.3.1/apps/traincascade/lbpfeatures.cpp */,
				FF3D7C964A69419B8F001D1A /* /Users/chushoutv/Desktop/opencv-3.3.1/apps/traincascade/old_ml_boost.cpp */,
				43FA237617274D34A0060956 /* /Users/chushoutv/Desktop/opencv-3.3.1/apps/traincascade/old_ml_data.cpp */,
				D430FB534A154A5AB0BFB828 /* /Users/chushoutv/Desktop/opencv-3.3.1/apps/traincascade/old_ml_inner_functions.cpp */,
				5EF34C22EE1B4D6AB48F2E3F /* /Users/chushoutv/Desktop/opencv-3.3.1/apps/traincascade/old_ml_tree.cpp */,
				049D39DA0A3645EDB3A2DBC3 /* /Users/chushoutv/Desktop/opencv-3.3.1/apps/traincascade/traincascade.cpp */,
			);
			runOnlyForDeploymentPostprocessing = 0;
		};
/* End PBXSourcesBuildPhase section */

/* Begin PBXTargetDependency section */
		0468BB0F057B41B8BE5156F9 /* PBXTargetDependency */ = {
			isa = PBXTargetDependency;
			target = C846A56E78B147FC8A1F70A4 /* opencv_traincascade */;
			targetProxy = 192D9518FC3E46F0BEAED6D0 /* PBXContainerItemProxy */;
		};
		29444FE794284AA99CDFBCC9 /* PBXTargetDependency */ = {
			isa = PBXTargetDependency;
			target = 641A33EAFD68493787A1667C /* ZERO_CHECK */;
			targetProxy = F21BF683BBD046BBBB5F292E /* PBXContainerItemProxy */;
		};
		62B698FA67F641A7908206DB /* PBXTargetDependency */ = {
			isa = PBXTargetDependency;
			target = AD171B67AF564AAEBB1553CF /* ALL_BUILD */;
			targetProxy = 3319C0170DB64D55A52419AC /* PBXContainerItemProxy */;
		};
		CD28F63338364AB39D8E5102 /* PBXTargetDependency */ = {
			isa = PBXTargetDependency;
			target = 641A33EAFD68493787A1667C /* ZERO_CHECK */;
			targetProxy = BD225CFF013B4387AC890A21 /* PBXContainerItemProxy */;
		};
		E00A65DC18C74DBBA19D72A1 /* PBXTargetDependency */ = {
			isa = PBXTargetDependency;
			target = AD171B67AF564AAEBB1553CF /* ALL_BUILD */;
			targetProxy = 17BA4FFB3AF8458ABAB1EA8A /* PBXContainerItemProxy */;
		};
/* End PBXTargetDependency section */

/* Begin XCBuildConfiguration section */
		06C7AFD3679B4F04B11764D3 /* Release */ = {
			isa = XCBuildConfiguration;
			buildSettings = {
				COMBINE_HIDPI_IMAGES = YES;
				GCC_GENERATE_DEBUGGING_SYMBOLS = YES;
				GCC_INLINES_ARE_PRIVATE_EXTERN = NO;
				GCC_OPTIMIZATION_LEVEL = 0;
				GCC_PREPROCESSOR_DEFINITIONS = ("'CMAKE_INTDIR=\"$(CONFIGURATION)$(EFFECTIVE_PLATFORM_NAME)\"'");
				GCC_SYMBOLS_PRIVATE_EXTERN = NO;
				HEADER_SEARCH_PATHS = ("/Users/chushoutv/Desktop/opencv-3.3.1/bulid/3rdparty/ippicv/ippicv_mac/include","/Users/chushoutv/Desktop/opencv-3.3.1/bulid/3rdparty/ippicv/ippiw_mac/include","/Users/chushoutv/Desktop/opencv-3.3.1/bulid");
				INSTALL_PATH = "";
				OTHER_LDFLAGS = " ";
				OTHER_REZFLAGS = "";
				PRODUCT_NAME = install;
				SECTORDER_FLAGS = "";
				SYMROOT = "/Users/chushoutv/Desktop/opencv-3.3.1/bulid/apps/traincascade";
				USE_HEADERMAP = NO;
				WARNING_CFLAGS = ("-Wmost","-Wno-four-char-constants","-Wno-unknown-pragmas","$(inherited)");
			};
			name = Release;
		};
		1C592E6E9F2D4C2B91A3F1DC /* Debug */ = {
			isa = XCBuildConfiguration;
			buildSettings = {
				COMBINE_HIDPI_IMAGES = YES;
				CONFIGURATION_BUILD_DIR = "/Users/chushoutv/Desktop/opencv-3.3.1/bulid/bin/Debug";
				EXECUTABLE_PREFIX = "";
				EXECUTABLE_SUFFIX = "";
				GCC_GENERATE_DEBUGGING_SYMBOLS = YES;
				GCC_INLINES_ARE_PRIVATE_EXTERN = NO;
				GCC_OPTIMIZATION_LEVEL = 0;
				GCC_PREPROCESSOR_DEFINITIONS = ("'CMAKE_INTDIR=\"$(CONFIGURATION)$(EFFECTIVE_PLATFORM_NAME)\"'","'__OPENCV_BUILD=1'","'__OPENCV_APPS=1'");
				GCC_SYMBOLS_PRIVATE_EXTERN = NO;
				HEADER_SEARCH_PATHS = ("/Users/chushoutv/Desktop/opencv-3.3.1/bulid/3rdparty/ippicv/ippicv_mac/include","/Users/chushoutv/Desktop/opencv-3.3.1/bulid/3rdparty/ippicv/ippiw_mac/include","/Users/chushoutv/Desktop/opencv-3.3.1/bulid","/Users/chushoutv/Desktop/opencv-3.3.1/apps/traincascade/PRIVATE","/Users/chushoutv/Desktop/opencv-3.3.1/apps/traincascade","/Users/chushoutv/Desktop/opencv-3.3.1/include/opencv","/Users/chushoutv/Desktop/opencv-3.3.1/modules/core/include","/Users/chushoutv/Desktop/opencv-3.3.1/modules/imgproc/include","/Users/chushoutv/Desktop/opencv-3.3.1/modules/objdetect/include","/Users/chushoutv/Desktop/opencv-3.3.1/modules/imgcodecs/include","/Users/chushoutv/Desktop/opencv-3.3.1/modules/highgui/include","/Users/chushoutv/Desktop/opencv-3.3.1/modules/videoio/include","/Users/chushoutv/Desktop/opencv-3.3.1/modules/calib3d/include","/Users/chushoutv/Desktop/opencv-3.3.1/modules/flann/include","/Users/chushoutv/Desktop/opencv-3.3.1/modules/features2d/include");
				INSTALL_PATH = "";
				LD_RUNPATH_SEARCH_PATHS = "/usr/local/lib /Users/chushoutv/Desktop/opencv-3.3.1/bulid/lib/Debug";
				LIBRARY_SEARCH_PATHS = " /usr/local/lib/$(CONFIGURATION)$(EFFECTIVE_PLATFORM_NAME) /usr/local/lib";
				OTHER_CPLUSPLUSFLAGS = "   -fsigned-char -W -Wall -Werror=return-type -Werror=non-virtual-dtor -Werror=address -Werror=sequence-point -Wformat -Werror=format-security -Wmissing-declarations -Wmissing-prototypes -Wstrict-prototypes -Wundef -Winit-self -Wpointer-arith -Wshadow -Wsign-promo -Wuninitialized -Winit-self -Wno-narrowing -Wno-delete-non-virtual-dtor -Wno-unnamed-type-template-args -Wno-comment -Wno-implicit-fallthrough -fdiagnostics-show-option -Wno-long-long -Qunused-arguments -Wno-semicolon-before-method-body -fno-omit-frame-pointer -ffunction-sections  -msse -msse2 -msse3 -fvisibility=hidden -fvisibility-inlines-hidden -Wno-overloaded-virtual         -DDEBUG -D_DEBUG  ";
				OTHER_LDFLAGS = "    -Wl,-search_paths_first -Wl,-headerpad_max_install_names  /Users/chushoutv/Desktop/opencv-3.3.1/bulid/3rdparty/lib/Debug/libippiw.a /Users/chushoutv/Desktop/opencv-3.3.1/bulid/3rdparty/ippicv/ippicv_mac/lib/intel64/libippicv.a /Users/chushoutv/Desktop/opencv-3.3.1/bulid/lib/Debug/libopencv_objdetect.3.3.1.dylib /Users/chushoutv/Desktop/opencv-3.3.1/bulid/lib/Debug/libopencv_calib3d.3.3.1.dylib /Users/chushoutv/Desktop/opencv-3.3.1/bulid/lib/Debug/libopencv_features2d.3.3.1.dylib /Users/chushoutv/Desktop/opencv-3.3.1/bulid/lib/Debug/libopencv_highgui.3.3.1.dylib /Users/chushoutv/Desktop/opencv-3.3.1/bulid/lib/Debug/libopencv_videoio.3.3.1.dylib /Users/chushoutv/Desktop/opencv-3.3.1/bulid/lib/Debug/libopencv_imgcodecs.3.3.1.dylib /Users/chushoutv/Desktop/opencv-3.3.1/bulid/lib/Debug/libopencv_imgproc.3.3.1.dylib /Users/chushoutv/Desktop/opencv-3.3.1/bulid/lib/Debug/libopencv_flann.3.3.1.dylib /Users/chushoutv/Desktop/opencv-3.3.1/bulid/lib/Debug/libopencv_core.3.3.1.dylib";
				OTHER_REZFLAGS = "";
				PRODUCT_NAME = opencv_traincascade;
				SECTORDER_FLAGS = "";
				SYMROOT = "/Users/chushoutv/Desktop/opencv-3.3.1/bulid/apps/traincascade";
				USE_HEADERMAP = NO;
				WARNING_CFLAGS = ("-Wmost","-Wno-four-char-constants","-Wno-unknown-pragmas","$(inherited)");
			};
			name = Debug;
		};
		5F60EDAA3215491995D7BD7D /* Debug */ = {
			isa = XCBuildConfiguration;
			buildSettings = {
				MACOSX_DEPLOYMENT_TARGET = 10.12;
				ONLY_ACTIVE_ARCH = YES;
				SDKROOT = /Applications/Xcode.app/Contents/Developer/Platforms/MacOSX.platform/Developer/SDKs/MacOSX10.13.sdk;
				SYMROOT = "/Users/chushoutv/Desktop/opencv-3.3.1/bulid/apps/traincascade/build";
			};
			name = Debug;
		};
		6B9E81617CB9449EB0C831A5 /* Release */ = {
			isa = XCBuildConfiguration;
			buildSettings = {
				MACOSX_DEPLOYMENT_TARGET = 10.12;
				ONLY_ACTIVE_ARCH = YES;
				SDKROOT = /Applications/Xcode.app/Contents/Developer/Platforms/MacOSX.platform/Developer/SDKs/MacOSX10.13.sdk;
				SYMROOT = "/Users/chushoutv/Desktop/opencv-3.3.1/bulid/apps/traincascade/build";
			};
			name = Release;
		};
		75C4361BF83A493392F6A925 /* Debug */ = {
			isa = XCBuildConfiguration;
			buildSettings = {
				COMBINE_HIDPI_IMAGES = YES;
				GCC_GENERATE_DEBUGGING_SYMBOLS = YES;
				GCC_INLINES_ARE_PRIVATE_EXTERN = NO;
				GCC_OPTIMIZATION_LEVEL = 0;
				GCC_PREPROCESSOR_DEFINITIONS = ("'CMAKE_INTDIR=\"$(CONFIGURATION)$(EFFECTIVE_PLATFORM_NAME)\"'");
				GCC_SYMBOLS_PRIVATE_EXTERN = NO;
				HEADER_SEARCH_PATHS = ("/Users/chushoutv/Desktop/opencv-3.3.1/bulid/3rdparty/ippicv/ippicv_mac/include","/Users/chushoutv/Desktop/opencv-3.3.1/bulid/3rdparty/ippicv/ippiw_mac/include","/Users/chushoutv/Desktop/opencv-3.3.1/bulid");
				INSTALL_PATH = "";
				OTHER_LDFLAGS = " ";
				OTHER_REZFLAGS = "";
				PRODUCT_NAME = package;
				SECTORDER_FLAGS = "";
				SYMROOT = "/Users/chushoutv/Desktop/opencv-3.3.1/bulid/apps/traincascade";
				USE_HEADERMAP = NO;
				WARNING_CFLAGS = ("-Wmost","-Wno-four-char-constants","-Wno-unknown-pragmas","$(inherited)");
			};
			name = Debug;
		};
		8B03CB39E02340AC87EDB085 /* Debug */ = {
			isa = XCBuildConfiguration;
			buildSettings = {
				COMBINE_HIDPI_IMAGES = YES;
				GCC_GENERATE_DEBUGGING_SYMBOLS = YES;
				GCC_INLINES_ARE_PRIVATE_EXTERN = NO;
				GCC_OPTIMIZATION_LEVEL = 0;
				GCC_PREPROCESSOR_DEFINITIONS = ("'CMAKE_INTDIR=\"$(CONFIGURATION)$(EFFECTIVE_PLATFORM_NAME)\"'");
				GCC_SYMBOLS_PRIVATE_EXTERN = NO;
				HEADER_SEARCH_PATHS = ("/Users/chushoutv/Desktop/opencv-3.3.1/bulid/3rdparty/ippicv/ippicv_mac/include","/Users/chushoutv/Desktop/opencv-3.3.1/bulid/3rdparty/ippicv/ippiw_mac/include","/Users/chushoutv/Desktop/opencv-3.3.1/bulid");
				INSTALL_PATH = "";
				OTHER_LDFLAGS = " ";
				OTHER_REZFLAGS = "";
				PRODUCT_NAME = ZERO_CHECK;
				SECTORDER_FLAGS = "";
				SYMROOT = "/Users/chushoutv/Desktop/opencv-3.3.1/bulid/apps/traincascade";
				USE_HEADERMAP = NO;
				WARNING_CFLAGS = ("-Wmost","-Wno-four-char-constants","-Wno-unknown-pragmas","$(inherited)");
			};
			name = Debug;
		};
		8C8776343556443B82B8063A /* Release */ = {
			isa = XCBuildConfiguration;
			buildSettings = {
				COMBINE_HIDPI_IMAGES = YES;
				GCC_GENERATE_DEBUGGING_SYMBOLS = YES;
				GCC_INLINES_ARE_PRIVATE_EXTERN = NO;
				GCC_OPTIMIZATION_LEVEL = 0;
				GCC_PREPROCESSOR_DEFINITIONS = ("'CMAKE_INTDIR=\"$(CONFIGURATION)$(EFFECTIVE_PLATFORM_NAME)\"'");
				GCC_SYMBOLS_PRIVATE_EXTERN = NO;
				HEADER_SEARCH_PATHS = ("/Users/chushoutv/Desktop/opencv-3.3.1/bulid/3rdparty/ippicv/ippicv_mac/include","/Users/chushoutv/Desktop/opencv-3.3.1/bulid/3rdparty/ippicv/ippiw_mac/include","/Users/chushoutv/Desktop/opencv-3.3.1/bulid");
				INSTALL_PATH = "";
				OTHER_LDFLAGS = " ";
				OTHER_REZFLAGS = "";
				PRODUCT_NAME = RUN_TESTS;
				SECTORDER_FLAGS = "";
				SYMROOT = "/Users/chushoutv/Desktop/opencv-3.3.1/bulid/apps/traincascade";
				USE_HEADERMAP = NO;
				WARNING_CFLAGS = ("-Wmost","-Wno-four-char-constants","-Wno-unknown-pragmas","$(inherited)");
			};
			name = Release;
		};
		97060B9949C547A487C7F252 /* Debug */ = {
			isa = XCBuildConfiguration;
			buildSettings = {
				COMBINE_HIDPI_IMAGES = YES;
				GCC_GENERATE_DEBUGGING_SYMBOLS = YES;
				GCC_INLINES_ARE_PRIVATE_EXTERN = NO;
				GCC_OPTIMIZATION_LEVEL = 0;
				GCC_PREPROCESSOR_DEFINITIONS = ("'CMAKE_INTDIR=\"$(CONFIGURATION)$(EFFECTIVE_PLATFORM_NAME)\"'");
				GCC_SYMBOLS_PRIVATE_EXTERN = NO;
				HEADER_SEARCH_PATHS = ("/Users/chushoutv/Desktop/opencv-3.3.1/bulid/3rdparty/ippicv/ippicv_mac/include","/Users/chushoutv/Desktop/opencv-3.3.1/bulid/3rdparty/ippicv/ippiw_mac/include","/Users/chushoutv/Desktop/opencv-3.3.1/bulid");
				INSTALL_PATH = "";
				OTHER_LDFLAGS = " ";
				OTHER_REZFLAGS = "";
				PRODUCT_NAME = ALL_BUILD;
				SECTORDER_FLAGS = "";
				SYMROOT = "/Users/chushoutv/Desktop/opencv-3.3.1/bulid/apps/traincascade";
				USE_HEADERMAP = NO;
				WARNING_CFLAGS = ("-Wmost","-Wno-four-char-constants","-Wno-unknown-pragmas","$(inherited)");
			};
			name = Debug;
		};
		9E9AE50A3DA54E489F49CEFB /* Release */ = {
			isa = XCBuildConfiguration;
			buildSettings = {
				COMBINE_HIDPI_IMAGES = YES;
				GCC_GENERATE_DEBUGGING_SYMBOLS = YES;
				GCC_INLINES_ARE_PRIVATE_EXTERN = NO;
				GCC_OPTIMIZATION_LEVEL = 0;
				GCC_PREPROCESSOR_DEFINITIONS = ("'CMAKE_INTDIR=\"$(CONFIGURATION)$(EFFECTIVE_PLATFORM_NAME)\"'");
				GCC_SYMBOLS_PRIVATE_EXTERN = NO;
				HEADER_SEARCH_PATHS = ("/Users/chushoutv/Desktop/opencv-3.3.1/bulid/3rdparty/ippicv/ippicv_mac/include","/Users/chushoutv/Desktop/opencv-3.3.1/bulid/3rdparty/ippicv/ippiw_mac/include","/Users/chushoutv/Desktop/opencv-3.3.1/bulid");
				INSTALL_PATH = "";
				OTHER_LDFLAGS = " ";
				OTHER_REZFLAGS = "";
				PRODUCT_NAME = package;
				SECTORDER_FLAGS = "";
				SYMROOT = "/Users/chushoutv/Desktop/opencv-3.3.1/bulid/apps/traincascade";
				USE_HEADERMAP = NO;
				WARNING_CFLAGS = ("-Wmost","-Wno-four-char-constants","-Wno-unknown-pragmas","$(inherited)");
			};
			name = Release;
		};
		9EB2CFF4442B49959A300B8D /* Debug */ = {
			isa = XCBuildConfiguration;
			buildSettings = {
				COMBINE_HIDPI_IMAGES = YES;
				GCC_GENERATE_DEBUGGING_SYMBOLS = YES;
				GCC_INLINES_ARE_PRIVATE_EXTERN = NO;
				GCC_OPTIMIZATION_LEVEL = 0;
				GCC_PREPROCESSOR_DEFINITIONS = ("'CMAKE_INTDIR=\"$(CONFIGURATION)$(EFFECTIVE_PLATFORM_NAME)\"'");
				GCC_SYMBOLS_PRIVATE_EXTERN = NO;
				HEADER_SEARCH_PATHS = ("/Users/chushoutv/Desktop/opencv-3.3.1/bulid/3rdparty/ippicv/ippicv_mac/include","/Users/chushoutv/Desktop/opencv-3.3.1/bulid/3rdparty/ippicv/ippiw_mac/include","/Users/chushoutv/Desktop/opencv-3.3.1/bulid");
				INSTALL_PATH = "";
				OTHER_LDFLAGS = " ";
				OTHER_REZFLAGS = "";
				PRODUCT_NAME = install;
				SECTORDER_FLAGS = "";
				SYMROOT = "/Users/chushoutv/Desktop/opencv-3.3.1/bulid/apps/traincascade";
				USE_HEADERMAP = NO;
				WARNING_CFLAGS = ("-Wmost","-Wno-four-char-constants","-Wno-unknown-pragmas","$(inherited)");
			};
			name = Debug;
		};
		AC6477CBE3ED47ADB1C94304 /* Release */ = {
			isa = XCBuildConfiguration;
			buildSettings = {
				COMBINE_HIDPI_IMAGES = YES;
				CONFIGURATION_BUILD_DIR = "/Users/chushoutv/Desktop/opencv-3.3.1/bulid/bin/Release";
				EXECUTABLE_PREFIX = "";
				EXECUTABLE_SUFFIX = "";
				GCC_GENERATE_DEBUGGING_SYMBOLS = NO;
				GCC_INLINES_ARE_PRIVATE_EXTERN = NO;
				GCC_OPTIMIZATION_LEVEL = 3;
				GCC_PREPROCESSOR_DEFINITIONS = ("'CMAKE_INTDIR=\"$(CONFIGURATION)$(EFFECTIVE_PLATFORM_NAME)\"'","'__OPENCV_BUILD=1'","'__OPENCV_APPS=1'");
				GCC_SYMBOLS_PRIVATE_EXTERN = NO;
				HEADER_SEARCH_PATHS = ("/Users/chushoutv/Desktop/opencv-3.3.1/bulid/3rdparty/ippicv/ippicv_mac/include","/Users/chushoutv/Desktop/opencv-3.3.1/bulid/3rdparty/ippicv/ippiw_mac/include","/Users/chushoutv/Desktop/opencv-3.3.1/bulid","/Users/chushoutv/Desktop/opencv-3.3.1/apps/traincascade/PRIVATE","/Users/chushoutv/Desktop/opencv-3.3.1/apps/traincascade","/Users/chushoutv/Desktop/opencv-3.3.1/include/opencv","/Users/chushoutv/Desktop/opencv-3.3.1/modules/core/include","/Users/chushoutv/Desktop/opencv-3.3.1/modules/imgproc/include","/Users/chushoutv/Desktop/opencv-3.3.1/modules/objdetect/include","/Users/chushoutv/Desktop/opencv-3.3.1/modules/imgcodecs/include","/Users/chushoutv/Desktop/opencv-3.3.1/modules/highgui/include","/Users/chushoutv/Desktop/opencv-3.3.1/modules/videoio/include","/Users/chushoutv/Desktop/opencv-3.3.1/modules/calib3d/include","/Users/chushoutv/Desktop/opencv-3.3.1/modules/flann/include","/Users/chushoutv/Desktop/opencv-3.3.1/modules/features2d/include");
				INSTALL_PATH = "";
				LD_RUNPATH_SEARCH_PATHS = "/usr/local/lib /Users/chushoutv/Desktop/opencv-3.3.1/bulid/lib/Release";
				LIBRARY_SEARCH_PATHS = " /usr/local/lib/$(CONFIGURATION)$(EFFECTIVE_PLATFORM_NAME) /usr/local/lib";
				OTHER_CPLUSPLUSFLAGS = "   -fsigned-char -W -Wall -Werror=return-type -Werror=non-virtual-dtor -Werror=address -Werror=sequence-point -Wformat -Werror=format-security -Wmissing-declarations -Wmissing-prototypes -Wstrict-prototypes -Wundef -Winit-self -Wpointer-arith -Wshadow -Wsign-promo -Wuninitialized -Winit-self -Wno-narrowing -Wno-delete-non-virtual-dtor -Wno-unnamed-type-template-args -Wno-comment -Wno-implicit-fallthrough -fdiagnostics-show-option -Wno-long-long -Qunused-arguments -Wno-semicolon-before-method-body -fno-omit-frame-pointer -ffunction-sections  -msse -msse2 -msse3 -fvisibility=hidden -fvisibility-inlines-hidden -Wno-overloaded-virtual     -DNDEBUG  -DNDEBUG  ";
				OTHER_LDFLAGS = "    -Wl,-search_paths_first -Wl,-headerpad_max_install_names  /Users/chushoutv/Desktop/opencv-3.3.1/bulid/3rdparty/lib/Release/libippiw.a /Users/chushoutv/Desktop/opencv-3.3.1/bulid/3rdparty/ippicv/ippicv_mac/lib/intel64/libippicv.a /Users/chushoutv/Desktop/opencv-3.3.1/bulid/lib/Release/libopencv_objdetect.3.3.1.dylib /Users/chushoutv/Desktop/opencv-3.3.1/bulid/lib/Release/libopencv_calib3d.3.3.1.dylib /Users/chushoutv/Desktop/opencv-3.3.1/bulid/lib/Release/libopencv_features2d.3.3.1.dylib /Users/chushoutv/Desktop/opencv-3.3.1/bulid/lib/Release/libopencv_highgui.3.3.1.dylib /Users/chushoutv/Desktop/opencv-3.3.1/bulid/lib/Release/libopencv_videoio.3.3.1.dylib /Users/chushoutv/Desktop/opencv-3.3.1/bulid/lib/Release/libopencv_imgcodecs.3.3.1.dylib /Users/chushoutv/Desktop/opencv-3.3.1/bulid/lib/Release/libopencv_imgproc.3.3.1.dylib /Users/chushoutv/Desktop/opencv-3.3.1/bulid/lib/Release/libopencv_flann.3.3.1.dylib /Users/chushoutv/Desktop/opencv-3.3.1/bulid/lib/Release/libopencv_core.3.3.1.dylib";
				OTHER_REZFLAGS = "";
				PRODUCT_NAME = opencv_traincascade;
				SECTORDER_FLAGS = "";
				SYMROOT = "/Users/chushoutv/Desktop/opencv-3.3.1/bulid/apps/traincascade";
				USE_HEADERMAP = NO;
				WARNING_CFLAGS = ("-Wmost","-Wno-four-char-constants","-Wno-unknown-pragmas","$(inherited)");
			};
			name = Release;
		};
		D41A0EF1757D463DB6409B6C /* Release */ = {
			isa = XCBuildConfiguration;
			buildSettings = {
				COMBINE_HIDPI_IMAGES = YES;
				GCC_GENERATE_DEBUGGING_SYMBOLS = YES;
				GCC_INLINES_ARE_PRIVATE_EXTERN = NO;
				GCC_OPTIMIZATION_LEVEL = 0;
				GCC_PREPROCESSOR_DEFINITIONS = ("'CMAKE_INTDIR=\"$(CONFIGURATION)$(EFFECTIVE_PLATFORM_NAME)\"'");
				GCC_SYMBOLS_PRIVATE_EXTERN = NO;
				HEADER_SEARCH_PATHS = ("/Users/chushoutv/Desktop/opencv-3.3.1/bulid/3rdparty/ippicv/ippicv_mac/include","/Users/chushoutv/Desktop/opencv-3.3.1/bulid/3rdparty/ippicv/ippiw_mac/include","/Users/chushoutv/Desktop/opencv-3.3.1/bulid");
				INSTALL_PATH = "";
				OTHER_LDFLAGS = " ";
				OTHER_REZFLAGS = "";
				PRODUCT_NAME = ZERO_CHECK;
				SECTORDER_FLAGS = "";
				SYMROOT = "/Users/chushoutv/Desktop/opencv-3.3.1/bulid/apps/traincascade";
				USE_HEADERMAP = NO;
				WARNING_CFLAGS = ("-Wmost","-Wno-four-char-constants","-Wno-unknown-pragmas","$(inherited)");
			};
			name = Release;
		};
		DA359141177E4F21A7899B3B /* Debug */ = {
			isa = XCBuildConfiguration;
			buildSettings = {
				COMBINE_HIDPI_IMAGES = YES;
				GCC_GENERATE_DEBUGGING_SYMBOLS = YES;
				GCC_INLINES_ARE_PRIVATE_EXTERN = NO;
				GCC_OPTIMIZATION_LEVEL = 0;
				GCC_PREPROCESSOR_DEFINITIONS = ("'CMAKE_INTDIR=\"$(CONFIGURATION)$(EFFECTIVE_PLATFORM_NAME)\"'");
				GCC_SYMBOLS_PRIVATE_EXTERN = NO;
				HEADER_SEARCH_PATHS = ("/Users/chushoutv/Desktop/opencv-3.3.1/bulid/3rdparty/ippicv/ippicv_mac/include","/Users/chushoutv/Desktop/opencv-3.3.1/bulid/3rdparty/ippicv/ippiw_mac/include","/Users/chushoutv/Desktop/opencv-3.3.1/bulid");
				INSTALL_PATH = "";
				OTHER_LDFLAGS = " ";
				OTHER_REZFLAGS = "";
				PRODUCT_NAME = RUN_TESTS;
				SECTORDER_FLAGS = "";
				SYMROOT = "/Users/chushoutv/Desktop/opencv-3.3.1/bulid/apps/traincascade";
				USE_HEADERMAP = NO;
				WARNING_CFLAGS = ("-Wmost","-Wno-four-char-constants","-Wno-unknown-pragmas","$(inherited)");
			};
			name = Debug;
		};
		E8EDB4D0A15647C2A795331F /* Release */ = {
			isa = XCBuildConfiguration;
			buildSettings = {
				COMBINE_HIDPI_IMAGES = YES;
				GCC_GENERATE_DEBUGGING_SYMBOLS = YES;
				GCC_INLINES_ARE_PRIVATE_EXTERN = NO;
				GCC_OPTIMIZATION_LEVEL = 0;
				GCC_PREPROCESSOR_DEFINITIONS = ("'CMAKE_INTDIR=\"$(CONFIGURATION)$(EFFECTIVE_PLATFORM_NAME)\"'");
				GCC_SYMBOLS_PRIVATE_EXTERN = NO;
				HEADER_SEARCH_PATHS = ("/Users/chushoutv/Desktop/opencv-3.3.1/bulid/3rdparty/ippicv/ippicv_mac/include","/Users/chushoutv/Desktop/opencv-3.3.1/bulid/3rdparty/ippicv/ippiw_mac/include","/Users/chushoutv/Desktop/opencv-3.3.1/bulid");
				INSTALL_PATH = "";
				OTHER_LDFLAGS = " ";
				OTHER_REZFLAGS = "";
				PRODUCT_NAME = ALL_BUILD;
				SECTORDER_FLAGS = "";
				SYMROOT = "/Users/chushoutv/Desktop/opencv-3.3.1/bulid/apps/traincascade";
				USE_HEADERMAP = NO;
				WARNING_CFLAGS = ("-Wmost","-Wno-four-char-constants","-Wno-unknown-pragmas","$(inherited)");
			};
			name = Release;
		};
/* End XCBuildConfiguration section */

/* Begin XCConfigurationList section */
		14738462FFEC4183A4162157 /* Build configuration list for PBXNativeTarget "opencv_traincascade" */ = {
			isa = XCConfigurationList;
			buildConfigurations = (
				1C592E6E9F2D4C2B91A3F1DC /* Debug */,
				AC6477CBE3ED47ADB1C94304 /* Release */,
			);
			defaultConfigurationIsVisible = 0;
			defaultConfigurationName = Debug;
		};
		5CDA9B98269A4FBABB578BA9 /* Build configuration list for PBXAggregateTarget "install" */ = {
			isa = XCConfigurationList;
			buildConfigurations = (
				9EB2CFF4442B49959A300B8D /* Debug */,
				06C7AFD3679B4F04B11764D3 /* Release */,
			);
			defaultConfigurationIsVisible = 0;
			defaultConfigurationName = Debug;
		};
		96E57EFEAB64440B9EC45795 /* Build configuration list for PBXProject "traincascade" */ = {
			isa = XCConfigurationList;
			buildConfigurations = (
				5F60EDAA3215491995D7BD7D /* Debug */,
				6B9E81617CB9449EB0C831A5 /* Release */,
			);
			defaultConfigurationIsVisible = 0;
			defaultConfigurationName = Debug;
		};
		A19DC84831CA4693B7E27BB3 /* Build configuration list for PBXAggregateTarget "package" */ = {
			isa = XCConfigurationList;
			buildConfigurations = (
				75C4361BF83A493392F6A925 /* Debug */,
				9E9AE50A3DA54E489F49CEFB /* Release */,
			);
			defaultConfigurationIsVisible = 0;
			defaultConfigurationName = Debug;
		};
		CFEB52E2FAAE43B7A5DF80F7 /* Build configuration list for PBXAggregateTarget "RUN_TESTS" */ = {
			isa = XCConfigurationList;
			buildConfigurations = (
				DA359141177E4F21A7899B3B /* Debug */,
				8C8776343556443B82B8063A /* Release */,
			);
			defaultConfigurationIsVisible = 0;
			defaultConfigurationName = Debug;
		};
		E5995EEC777240A981FC59EA /* Build configuration list for PBXAggregateTarget "ALL_BUILD" */ = {
			isa = XCConfigurationList;
			buildConfigurations = (
				97060B9949C547A487C7F252 /* Debug */,
				E8EDB4D0A15647C2A795331F /* Release */,
			);
			defaultConfigurationIsVisible = 0;
			defaultConfigurationName = Debug;
		};
		F67CC3D0B8D44C4CB051E208 /* Build configuration list for PBXAggregateTarget "ZERO_CHECK" */ = {
			isa = XCConfigurationList;
			buildConfigurations = (
				8B03CB39E02340AC87EDB085 /* Debug */,
				D41A0EF1757D463DB6409B6C /* Release */,
			);
			defaultConfigurationIsVisible = 0;
			defaultConfigurationName = Debug;
		};
/* End XCConfigurationList section */
	};
	rootObject = 989ABBF9B6B04888A8525A98 /* Project object */;
}
