// !$*UTF8*$!
{
	archiveVersion = 1;
	classes = {
	};
	objectVersion = 46;
	objects = {

/* Begin PBXAggregateTarget section */
		039FC08FAEEE478F89384882 /* package */ = {
			isa = PBXAggregateTarget;
			buildConfigurationList = 63311ECAA4AC46608AC6DCC7 /* Build configuration list for PBXAggregateTarget "package" */;
			buildPhases = (
				8C304D1D6093458B8F10386E /* CMake PostBuild Rules */,
			);
			dependencies = (
				1EBEE6851E36470FB6F18CC0 /* PBXTargetDependency */,
			);
			name = package;
			productName = package;
		};
		641A33EAFD68493787A1667C /* ZERO_CHECK */ = {
			isa = PBXAggregateTarget;
			buildConfigurationList = D608DC85412A42BCA13B5468 /* Build configuration list for PBXAggregateTarget "ZERO_CHECK" */;
			buildPhases = (
				0218A15BC62F4DD59A0343D8 /* CMake Rules */,
			);
			dependencies = (
			);
			name = ZERO_CHECK;
			productName = ZERO_CHECK;
		};
		AD171B67AF564AAEBB1553CF /* ALL_BUILD */ = {
			isa = PBXAggregateTarget;
			buildConfigurationList = E169EAA4837C45B89F6BA1C2 /* Build configuration list for PBXAggregateTarget "ALL_BUILD" */;
			buildPhases = (
				D8AE49CF08834391A4AB51A4 /* CMake Rules */,
			);
			dependencies = (
				96DBEF2AB03247E28A945FD9 /* PBXTargetDependency */,
				F7E75BF31BAF42CF920FE3F6 /* PBXTargetDependency */,
			);
			name = ALL_BUILD;
			productName = ALL_BUILD;
		};
		C3C28814C367464E92068755 /* install */ = {
			isa = PBXAggregateTarget;
			buildConfigurationList = 5F23E5FEFD3D4F708D564245 /* Build configuration list for PBXAggregateTarget "install" */;
			buildPhases = (
				8CD37114CF53480798A36381 /* CMake PostBuild Rules */,
			);
			dependencies = (
				BE8E8C495A0E47A8AD08B2EF /* PBXTargetDependency */,
			);
			name = install;
			productName = install;
		};
		D27C5248E0AC45BAAA62CCB3 /* RUN_TESTS */ = {
			isa = PBXAggregateTarget;
			buildConfigurationList = 231CDCC22B1C425C9C12DB6D /* Build configuration list for PBXAggregateTarget "RUN_TESTS" */;
			buildPhases = (
				64A7E65E497542EAA65FC2A9 /* CMake PostBuild Rules */,
			);
			dependencies = (
			);
			name = RUN_TESTS;
			productName = RUN_TESTS;
		};
/* End PBXAggregateTarget section */

/* Begin PBXBuildFile section */
		4B2F8CD079A04C8D9680E979 /* /Users/chushoutv/Desktop/opencv-3.3.1/apps/visualisation/opencv_visualisation.cpp */ = {isa = PBXBuildFile; fileRef = ED2C565E58F248FF88902008 /* /Users/chushoutv/Desktop/opencv-3.3.1/apps/visualisation/opencv_visualisation.cpp */; };
		9BA607375206463B864CF4A7 /* /Users/chushoutv/Desktop/opencv-3.3.1/apps/visualisation/CMakeLists.txt */ = {isa = PBXBuildFile; fileRef = 63AA63CC5F7E48579BE344BB /* /Users/chushoutv/Desktop/opencv-3.3.1/apps/visualisation/CMakeLists.txt */; };
/* End PBXBuildFile section */

/* Begin PBXBuildStyle section */
		4BD729660A204448A94D44AA /* Debug */ = {
			isa = PBXBuildStyle;
			buildSettings = {
				COPY_PHASE_STRIP = NO;
			};
			name = Debug;
		};
		CEC93F9B56604F998300EBC3 /* Release */ = {
			isa = PBXBuildStyle;
			buildSettings = {
				COPY_PHASE_STRIP = NO;
			};
			name = Release;
		};
/* End PBXBuildStyle section */

/* Begin PBXContainerItemProxy section */
		20CEEC86CAD94145AF704495 /* PBXContainerItemProxy */ = {
			isa = PBXContainerItemProxy;
			containerPortal = 9F68D60478DD4878AAF2DA28 /* Project object */;
			proxyType = 1;
			remoteGlobalIDString = AD171B67AF564AAEBB1553CF;
			remoteInfo = ALL_BUILD;
		};
		A624F3DAE6FC44C2BD973A84 /* PBXContainerItemProxy */ = {
			isa = PBXContainerItemProxy;
			containerPortal = 9F68D60478DD4878AAF2DA28 /* Project object */;
			proxyType = 1;
			remoteGlobalIDString = AD171B67AF564AAEBB1553CF;
			remoteInfo = ALL_BUILD;
		};
		AB1EE0AEBB194D869460A17F /* PBXContainerItemProxy */ = {
			isa = PBXContainerItemProxy;
			containerPortal = 9F68D60478DD4878AAF2DA28 /* Project object */;
			proxyType = 1;
			remoteGlobalIDString = 641A33EAFD68493787A1667C;
			remoteInfo = ZERO_CHECK;
		};
		C19C6ABAAE2747FBB0387BA7 /* PBXContainerItemProxy */ = {
			isa = PBXContainerItemProxy;
			containerPortal = 9F68D60478DD4878AAF2DA28 /* Project object */;
			proxyType = 1;
			remoteGlobalIDString = 5AA76398BD5B4D80BD99EDFC;
			remoteInfo = opencv_visualisation;
		};
		EF317475C0AC42E7AAEFD3D4 /* PBXContainerItemProxy */ = {
			isa = PBXContainerItemProxy;
			containerPortal = 9F68D60478DD4878AAF2DA28 /* Project object */;
			proxyType = 1;
			remoteGlobalIDString = 641A33EAFD68493787A1667C;
			remoteInfo = ZERO_CHECK;
		};
/* End PBXContainerItemProxy section */

/* Begin PBXFileReference section */
		341A4052DC9B4218B622BD5A /* /Users/chushoutv/Desktop/opencv-3.3.1/apps/visualisation/CMakeLists.txt */ = {isa = PBXFileReference; explicitFileType = sourcecode.text; fileEncoding = 4; name = CMakeLists.txt; path = CMakeLists.txt; sourceTree = SOURCE_ROOT; };
		63AA63CC5F7E48579BE344BB /* /Users/chushoutv/Desktop/opencv-3.3.1/apps/visualisation/CMakeLists.txt */ = {isa = PBXFileReference; explicitFileType = sourcecode.text; fileEncoding = 4; name = CMakeLists.txt; path = CMakeLists.txt; sourceTree = SOURCE_ROOT; };
		98F01AE966554D94B205FCF3 /* opencv_visualisation */ = {isa = PBXFileReference; explicitFileType = "compiled.mach-o.executable"; path = opencv_visualisation; sourceTree = BUILT_PRODUCTS_DIR; };
		C5B9D108B7114CE49AF29466 /* /Users/chushoutv/Desktop/opencv-3.3.1/apps/visualisation/CMakeLists.txt */ = {isa = PBXFileReference; explicitFileType = sourcecode.text; fileEncoding = 4; name = CMakeLists.txt; path = CMakeLists.txt; sourceTree = SOURCE_ROOT; };
		ED2C565E58F248FF88902008 /* /Users/chushoutv/Desktop/opencv-3.3.1/apps/visualisation/opencv_visualisation.cpp */ = {isa = PBXFileReference; explicitFileType = sourcecode.cpp.cpp; fileEncoding = 4; name = opencv_visualisation.cpp; path = opencv_visualisation.cpp; sourceTree = SOURCE_ROOT; };
/* End PBXFileReference section */

/* Begin PBXGroup section */
		111F37CD146C414B93AA38E8 /* Source Files */ = {
			isa = PBXGroup;
			children = (
				ED2C565E58F248FF88902008 /* /Users/chushoutv/Desktop/opencv-3.3.1/apps/visualisation/opencv_visualisation.cpp */,
			);
			name = "Source Files";
			sourceTree = "<group>";
		};
		659632C09C624CFAAFC3F2FA /* opencv_visualisation */ = {
			isa = PBXGroup;
			children = (
				111F37CD146C414B93AA38E8 /* Source Files */,
				63AA63CC5F7E48579BE344BB /* /Users/chushoutv/Desktop/opencv-3.3.1/apps/visualisation/CMakeLists.txt */,
			);
			name = opencv_visualisation;
			sourceTree = "<group>";
		};
		6C83A142FB50406BBF625A47 /* ALL_BUILD */ = {
			isa = PBXGroup;
			children = (
				7CAF44BB26A14CD78EFD1458 /* CMake Rules */,
				C5B9D108B7114CE49AF29466 /* /Users/chushoutv/Desktop/opencv-3.3.1/apps/visualisation/CMakeLists.txt */,
			);
			name = ALL_BUILD;
			sourceTree = "<group>";
		};
		7CAF44BB26A14CD78EFD1458 /* CMake Rules */ = {
			isa = PBXGroup;
			children = (
			);
			name = "CMake Rules";
			sourceTree = "<group>";
		};
		8D39B49B15144D69B467A922 /* ZERO_CHECK */ = {
			isa = PBXGroup;
			children = (
				9F82FE516EC4408E8F43B65D /* CMake Rules */,
				341A4052DC9B4218B622BD5A /* /Users/chushoutv/Desktop/opencv-3.3.1/apps/visualisation/CMakeLists.txt */,
			);
			name = ZERO_CHECK;
			sourceTree = "<group>";
		};
		9F82FE516EC4408E8F43B65D /* CMake Rules */ = {
			isa = PBXGroup;
			children = (
			);
			name = "CMake Rules";
			sourceTree = "<group>";
		};
		A8A71ADEF8BB43DC954B747A /* Products */ = {
			isa = PBXGroup;
			children = (
				98F01AE966554D94B205FCF3 /* opencv_visualisation */,
			);
			name = Products;
			sourceTree = "<group>";
		};
		DC14E1081F8247499482B95C = {
			isa = PBXGroup;
			children = (
				DD4B100AEF7345E6983D5A06 /* applications */,
				6C83A142FB50406BBF625A47 /* ALL_BUILD */,
				8D39B49B15144D69B467A922 /* ZERO_CHECK */,
				A8A71ADEF8BB43DC954B747A /* Products */,
			);
			sourceTree = "<group>";
		};
		DD4B100AEF7345E6983D5A06 /* applications */ = {
			isa = PBXGroup;
			children = (
				659632C09C624CFAAFC3F2FA /* opencv_visualisation */,
			);
			name = applications;
			sourceTree = "<group>";
		};
/* End PBXGroup section */

/* Begin PBXNativeTarget section */
		5AA76398BD5B4D80BD99EDFC /* opencv_visualisation */ = {
			isa = PBXNativeTarget;
			buildConfigurationList = FC287A81A053447BBBEF0049 /* Build configuration list for PBXNativeTarget "opencv_visualisation" */;
			buildPhases = (
				FDF4B805D53C4B14A54C30DB /* Sources */,
			);
			buildRules = (
			);
			dependencies = (
				B8420BAC64F34C0EBB2370C8 /* PBXTargetDependency */,
			);
			name = opencv_visualisation;
			productName = opencv_visualisation;
			productReference = 98F01AE966554D94B205FCF3 /* opencv_visualisation */;
			productType = "com.apple.product-type.tool";
		};
/* End PBXNativeTarget section */

/* Begin PBXProject section */
		9F68D60478DD4878AAF2DA28 /* Project object */ = {
			isa = PBXProject;
			attributes = {
				BuildIndependentTargetsInParallel = YES;
				LastUpgradeCheck = 0900;
			};
			buildConfigurationList = F83F58AD72414A58A26A9589 /* Build configuration list for PBXProject "visualisation" */;
			buildSettings = {
			};
			buildStyles = (
				4BD729660A204448A94D44AA /* Debug */,
				CEC93F9B56604F998300EBC3 /* Release */,
			);
			compatibilityVersion = "Xcode 3.2";
			hasScannedForEncodings = 0;
			mainGroup = DC14E1081F8247499482B95C;
			projectDirPath = ../../../apps/visualisation;
			projectRoot = "";
			targets = (
				AD171B67AF564AAEBB1553CF /* ALL_BUILD */,
				D27C5248E0AC45BAAA62CCB3 /* RUN_TESTS */,
				641A33EAFD68493787A1667C /* ZERO_CHECK */,
				C3C28814C367464E92068755 /* install */,
				5AA76398BD5B4D80BD99EDFC /* opencv_visualisation */,
				039FC08FAEEE478F89384882 /* package */,
			);
		};
/* End PBXProject section */

/* Begin PBXShellScriptBuildPhase section */
		0218A15BC62F4DD59A0343D8 /* CMake Rules */ = {
			isa = PBXShellScriptBuildPhase;
			buildActionMask = 2147483647;
			files = (
			);
			name = "CMake Rules";
			outputPaths = (
"/Users/chushoutv/Desktop/opencv-3.3.1/bulid/apps/visualisation/CMakeFiles/ZERO_CHECK"			);
			runOnlyForDeploymentPostprocessing = 0;
			shellPath = /bin/sh;
			shellScript = "make -C /Users/chushoutv/Desktop/opencv-3.3.1/bulid/apps/visualisation -f /Users/chushoutv/Desktop/opencv-3.3.1/bulid/apps/visualisation/CMakeScripts/ZERO_CHECK_cmakeRulesBuildPhase.make$CONFIGURATION all";
			showEnvVarsInLog = 0;
		};
		4E66F494DF7C419F89D8767A = {
			isa = PBXShellScriptBuildPhase;
			buildActionMask = 2147483647;
			files = (
			);
			inputPaths = (
			);
			outputPaths = (
			);
			runOnlyForDeploymentPostprocessing = 0;
			shellPath = /bin/sh;
			shellScript = "# shell script goes here
exit 0";
			showEnvVarsInLog = 0;
		};
		5624DFB0EC064F03844196EE = {
			isa = PBXShellScriptBuildPhase;
			buildActionMask = 2147483647;
			files = (
			);
			inputPaths = (
			);
			outputPaths = (
			);
			runOnlyForDeploymentPostprocessing = 0;
			shellPath = /bin/sh;
			shellScript = "# shell script goes here
exit 0";
			showEnvVarsInLog = 0;
		};
		597801C13495438A8DC889B2 = {
			isa = PBXShellScriptBuildPhase;
			buildActionMask = 2147483647;
			files = (
			);
			inputPaths = (
			);
			outputPaths = (
			);
			runOnlyForDeploymentPostprocessing = 0;
			shellPath = /bin/sh;
			shellScript = "# shell script goes here
exit 0";
			showEnvVarsInLog = 0;
		};
		64A7E65E497542EAA65FC2A9 /* CMake PostBuild Rules */ = {
			isa = PBXShellScriptBuildPhase;
			buildActionMask = 2147483647;
			files = (
			);
			name = "CMake PostBuild Rules";
			outputPaths = (
			);
			runOnlyForDeploymentPostprocessing = 0;
			shellPath = /bin/sh;
			shellScript = "make -C /Users/chushoutv/Desktop/opencv-3.3.1/bulid/apps/visualisation -f /Users/chushoutv/Desktop/opencv-3.3.1/bulid/apps/visualisation/CMakeScripts/RUN_TESTS_postBuildPhase.make$CONFIGURATION all";
			showEnvVarsInLog = 0;
		};
		6FA8A1A33CF144F5815344ED = {
			isa = PBXShellScriptBuildPhase;
			buildActionMask = 2147483647;
			files = (
			);
			inputPaths = (
			);
			outputPaths = (
			);
			runOnlyForDeploymentPostprocessing = 0;
			shellPath = /bin/sh;
			shellScript = "# shell script goes here
exit 0";
			showEnvVarsInLog = 0;
		};
		8C304D1D6093458B8F10386E /* CMake PostBuild Rules */ = {
			isa = PBXShellScriptBuildPhase;
			buildActionMask = 2147483647;
			files = (
			);
			name = "CMake PostBuild Rules";
			outputPaths = (
			);
			runOnlyForDeploymentPostprocessing = 0;
			shellPath = /bin/sh;
			shellScript = "make -C /Users/chushoutv/Desktop/opencv-3.3.1/bulid/apps/visualisation -f /Users/chushoutv/Desktop/opencv-3.3.1/bulid/apps/visualisation/CMakeScripts/package_postBuildPhase.make$CONFIGURATION all";
			showEnvVarsInLog = 0;
		};
		8CD37114CF53480798A36381 /* CMake PostBuild Rules */ = {
			isa = PBXShellScriptBuildPhase;
			buildActionMask = 2147483647;
			files = (
			);
			name = "CMake PostBuild Rules";
			outputPaths = (
			);
			runOnlyForDeploymentPostprocessing = 0;
			shellPath = /bin/sh;
			shellScript = "make -C /Users/chushoutv/Desktop/opencv-3.3.1/bulid/apps/visualisation -f /Users/chushoutv/Desktop/opencv-3.3.1/bulid/apps/visualisation/CMakeScripts/install_postBuildPhase.make$CONFIGURATION all";
			showEnvVarsInLog = 0;
		};
		C9E1018FB742485AB7F34E14 = {
			isa = PBXShellScriptBuildPhase;
			buildActionMask = 2147483647;
			files = (
			);
			inputPaths = (
			);
			outputPaths = (
			);
			runOnlyForDeploymentPostprocessing = 0;
			shellPath = /bin/sh;
			shellScript = "# shell script goes here
exit 0";
			showEnvVarsInLog = 0;
		};
		D8AE49CF08834391A4AB51A4 /* CMake Rules */ = {
			isa = PBXShellScriptBuildPhase;
			buildActionMask = 2147483647;
			files = (
			);
			name = "CMake Rules";
			outputPaths = (
"/Users/chushoutv/Desktop/opencv-3.3.1/bulid/apps/visualisation/CMakeFiles/ALL_BUILD"			);
			runOnlyForDeploymentPostprocessing = 0;
			shellPath = /bin/sh;
			shellScript = "make -C /Users/chushoutv/Desktop/opencv-3.3.1/bulid/apps/visualisation -f /Users/chushoutv/Desktop/opencv-3.3.1/bulid/apps/visualisation/CMakeScripts/ALL_BUILD_cmakeRulesBuildPhase.make$CONFIGURATION all";
			showEnvVarsInLog = 0;
		};
/* End PBXShellScriptBuildPhase section */

/* Begin PBXSourcesBuildPhase section */
		FDF4B805D53C4B14A54C30DB /* Sources */ = {
			isa = PBXSourcesBuildPhase;
			buildActionMask = 2147483647;
			files = (
				4B2F8CD079A04C8D9680E979 /* /Users/chushoutv/Desktop/opencv-3.3.1/apps/visualisation/opencv_visualisation.cpp */,
			);
			runOnlyForDeploymentPostprocessing = 0;
		};
/* End PBXSourcesBuildPhase section */

/* Begin PBXTargetDependency section */
		1EBEE6851E36470FB6F18CC0 /* PBXTargetDependency */ = {
			isa = PBXTargetDependency;
			target = AD171B67AF564AAEBB1553CF /* ALL_BUILD */;
			targetProxy = 20CEEC86CAD94145AF704495 /* PBXContainerItemProxy */;
		};
		96DBEF2AB03247E28A945FD9 /* PBXTargetDependency */ = {
			isa = PBXTargetDependency;
			target = 5AA76398BD5B4D80BD99EDFC /* opencv_visualisation */;
			targetProxy = C19C6ABAAE2747FBB0387BA7 /* PBXContainerItemProxy */;
		};
		B8420BAC64F34C0EBB2370C8 /* PBXTargetDependency */ = {
			isa = PBXTargetDependency;
			target = 641A33EAFD68493787A1667C /* ZERO_CHECK */;
			targetProxy = AB1EE0AEBB194D869460A17F /* PBXContainerItemProxy */;
		};
		BE8E8C495A0E47A8AD08B2EF /* PBXTargetDependency */ = {
			isa = PBXTargetDependency;
			target = AD171B67AF564AAEBB1553CF /* ALL_BUILD */;
			targetProxy = A624F3DAE6FC44C2BD973A84 /* PBXContainerItemProxy */;
		};
		F7E75BF31BAF42CF920FE3F6 /* PBXTargetDependency */ = {
			isa = PBXTargetDependency;
			target = 641A33EAFD68493787A1667C /* ZERO_CHECK */;
			targetProxy = EF317475C0AC42E7AAEFD3D4 /* PBXContainerItemProxy */;
		};
/* End PBXTargetDependency section */

/* Begin XCBuildConfiguration section */
		0DE9091F0166466B94C6CCB5 /* Release */ = {
			isa = XCBuildConfiguration;
			buildSettings = {
				COMBINE_HIDPI_IMAGES = YES;
				CONFIGURATION_BUILD_DIR = "/Users/chushoutv/Desktop/opencv-3.3.1/bulid/bin/Release";
				EXECUTABLE_PREFIX = "";
				EXECUTABLE_SUFFIX = "";
				GCC_GENERATE_DEBUGGING_SYMBOLS = NO;
				GCC_INLINES_ARE_PRIVATE_EXTERN = NO;
				GCC_OPTIMIZATION_LEVEL = 3;
				GCC_PREPROCESSOR_DEFINITIONS = ("'CMAKE_INTDIR=\"$(CONFIGURATION)$(EFFECTIVE_PLATFORM_NAME)\"'","'__OPENCV_BUILD=1'","'__OPENCV_APPS=1'");
				GCC_SYMBOLS_PRIVATE_EXTERN = NO;
				HEADER_SEARCH_PATHS = ("/Users/chushoutv/Desktop/opencv-3.3.1/bulid/3rdparty/ippicv/ippicv_mac/include","/Users/chushoutv/Desktop/opencv-3.3.1/bulid/3rdparty/ippicv/ippiw_mac/include","/Users/chushoutv/Desktop/opencv-3.3.1/bulid","/Users/chushoutv/Desktop/opencv-3.3.1/apps/visualisation/PRIVATE","/Users/chushoutv/Desktop/opencv-3.3.1/apps/visualisation","/Users/chushoutv/Desktop/opencv-3.3.1/include/opencv","/Users/chushoutv/Desktop/opencv-3.3.1/modules/core/include","/Users/chushoutv/Desktop/opencv-3.3.1/modules/highgui/include","/Users/chushoutv/Desktop/opencv-3.3.1/modules/imgproc/include","/Users/chushoutv/Desktop/opencv-3.3.1/modules/imgcodecs/include","/Users/chushoutv/Desktop/opencv-3.3.1/modules/videoio/include");
				INSTALL_PATH = "";
				LD_RUNPATH_SEARCH_PATHS = "/usr/local/lib /Users/chushoutv/Desktop/opencv-3.3.1/bulid/lib/Release";
				LIBRARY_SEARCH_PATHS = " /usr/local/lib/$(CONFIGURATION)$(EFFECTIVE_PLATFORM_NAME) /usr/local/lib";
				OTHER_CPLUSPLUSFLAGS = "   -fsigned-char -W -Wall -Werror=return-type -Werror=non-virtual-dtor -Werror=address -Werror=sequence-point -Wformat -Werror=format-security -Wmissing-declarations -Wmissing-prototypes -Wstrict-prototypes -Wundef -Winit-self -Wpointer-arith -Wshadow -Wsign-promo -Wuninitialized -Winit-self -Wno-narrowing -Wno-delete-non-virtual-dtor -Wno-unnamed-type-template-args -Wno-comment -Wno-implicit-fallthrough -fdiagnostics-show-option -Wno-long-long -Qunused-arguments -Wno-semicolon-before-method-body -fno-omit-frame-pointer -ffunction-sections  -msse -msse2 -msse3 -fvisibility=hidden -fvisibility-inlines-hidden     -DNDEBUG  -DNDEBUG  ";
				OTHER_LDFLAGS = "    -Wl,-search_paths_first -Wl,-headerpad_max_install_names  /Users/chushoutv/Desktop/opencv-3.3.1/bulid/3rdparty/lib/Release/libippiw.a /Users/chushoutv/Desktop/opencv-3.3.1/bulid/3rdparty/ippicv/ippicv_mac/lib/intel64/libippicv.a /Users/chushoutv/Desktop/opencv-3.3.1/bulid/lib/Release/libopencv_highgui.3.3.1.dylib /Users/chushoutv/Desktop/opencv-3.3.1/bulid/lib/Release/libopencv_videoio.3.3.1.dylib /Users/chushoutv/Desktop/opencv-3.3.1/bulid/lib/Release/libopencv_imgcodecs.3.3.1.dylib /Users/chushoutv/Desktop/opencv-3.3.1/bulid/lib/Release/libopencv_imgproc.3.3.1.dylib /Users/chushoutv/Desktop/opencv-3.3.1/bulid/lib/Release/libopencv_core.3.3.1.dylib";
				OTHER_REZFLAGS = "";
				PRODUCT_NAME = opencv_visualisation;
				SECTORDER_FLAGS = "";
				SYMROOT = "/Users/chushoutv/Desktop/opencv-3.3.1/bulid/apps/visualisation";
				USE_HEADERMAP = NO;
				WARNING_CFLAGS = ("-Wmost","-Wno-four-char-constants","-Wno-unknown-pragmas","$(inherited)");
			};
			name = Release;
		};
		1FA3C25777FA48BAAE4185F9 /* Debug */ = {
			isa = XCBuildConfiguration;
			buildSettings = {
				COMBINE_HIDPI_IMAGES = YES;
				GCC_GENERATE_DEBUGGING_SYMBOLS = YES;
				GCC_INLINES_ARE_PRIVATE_EXTERN = NO;
				GCC_OPTIMIZATION_LEVEL = 0;
				GCC_PREPROCESSOR_DEFINITIONS = ("'CMAKE_INTDIR=\"$(CONFIGURATION)$(EFFECTIVE_PLATFORM_NAME)\"'");
				GCC_SYMBOLS_PRIVATE_EXTERN = NO;
				HEADER_SEARCH_PATHS = ("/Users/chushoutv/Desktop/opencv-3.3.1/bulid/3rdparty/ippicv/ippicv_mac/include","/Users/chushoutv/Desktop/opencv-3.3.1/bulid/3rdparty/ippicv/ippiw_mac/include","/Users/chushoutv/Desktop/opencv-3.3.1/bulid");
				INSTALL_PATH = "";
				OTHER_LDFLAGS = " ";
				OTHER_REZFLAGS = "";
				PRODUCT_NAME = RUN_TESTS;
				SECTORDER_FLAGS = "";
				SYMROOT = "/Users/chushoutv/Desktop/opencv-3.3.1/bulid/apps/visualisation";
				USE_HEADERMAP = NO;
				WARNING_CFLAGS = ("-Wmost","-Wno-four-char-constants","-Wno-unknown-pragmas","$(inherited)");
			};
			name = Debug;
		};
		22BDF318DB944B29A055F1AA /* Debug */ = {
			isa = XCBuildConfiguration;
			buildSettings = {
				MACOSX_DEPLOYMENT_TARGET = 10.12;
				ONLY_ACTIVE_ARCH = YES;
				SDKROOT = /Applications/Xcode.app/Contents/Developer/Platforms/MacOSX.platform/Developer/SDKs/MacOSX10.13.sdk;
				SYMROOT = "/Users/chushoutv/Desktop/opencv-3.3.1/bulid/apps/visualisation/build";
			};
			name = Debug;
		};
		3E0E714D116E4BA093E8F784 /* Release */ = {
			isa = XCBuildConfiguration;
			buildSettings = {
				COMBINE_HIDPI_IMAGES = YES;
				GCC_GENERATE_DEBUGGING_SYMBOLS = YES;
				GCC_INLINES_ARE_PRIVATE_EXTERN = NO;
				GCC_OPTIMIZATION_LEVEL = 0;
				GCC_PREPROCESSOR_DEFINITIONS = ("'CMAKE_INTDIR=\"$(CONFIGURATION)$(EFFECTIVE_PLATFORM_NAME)\"'");
				GCC_SYMBOLS_PRIVATE_EXTERN = NO;
				HEADER_SEARCH_PATHS = ("/Users/chushoutv/Desktop/opencv-3.3.1/bulid/3rdparty/ippicv/ippicv_mac/include","/Users/chushoutv/Desktop/opencv-3.3.1/bulid/3rdparty/ippicv/ippiw_mac/include","/Users/chushoutv/Desktop/opencv-3.3.1/bulid");
				INSTALL_PATH = "";
				OTHER_LDFLAGS = " ";
				OTHER_REZFLAGS = "";
				PRODUCT_NAME = RUN_TESTS;
				SECTORDER_FLAGS = "";
				SYMROOT = "/Users/chushoutv/Desktop/opencv-3.3.1/bulid/apps/visualisation";
				USE_HEADERMAP = NO;
				WARNING_CFLAGS = ("-Wmost","-Wno-four-char-constants","-Wno-unknown-pragmas","$(inherited)");
			};
			name = Release;
		};
		50E613DAC56143698970F61B /* Debug */ = {
			isa = XCBuildConfiguration;
			buildSettings = {
				COMBINE_HIDPI_IMAGES = YES;
				GCC_GENERATE_DEBUGGING_SYMBOLS = YES;
				GCC_INLINES_ARE_PRIVATE_EXTERN = NO;
				GCC_OPTIMIZATION_LEVEL = 0;
				GCC_PREPROCESSOR_DEFINITIONS = ("'CMAKE_INTDIR=\"$(CONFIGURATION)$(EFFECTIVE_PLATFORM_NAME)\"'");
				GCC_SYMBOLS_PRIVATE_EXTERN = NO;
				HEADER_SEARCH_PATHS = ("/Users/chushoutv/Desktop/opencv-3.3.1/bulid/3rdparty/ippicv/ippicv_mac/include","/Users/chushoutv/Desktop/opencv-3.3.1/bulid/3rdparty/ippicv/ippiw_mac/include","/Users/chushoutv/Desktop/opencv-3.3.1/bulid");
				INSTALL_PATH = "";
				OTHER_LDFLAGS = " ";
				OTHER_REZFLAGS = "";
				PRODUCT_NAME = package;
				SECTORDER_FLAGS = "";
				SYMROOT = "/Users/chushoutv/Desktop/opencv-3.3.1/bulid/apps/visualisation";
				USE_HEADERMAP = NO;
				WARNING_CFLAGS = ("-Wmost","-Wno-four-char-constants","-Wno-unknown-pragmas","$(inherited)");
			};
			name = Debug;
		};
		6C607FBE6C11487F8FEC7240 /* Debug */ = {
			isa = XCBuildConfiguration;
			buildSettings = {
				COMBINE_HIDPI_IMAGES = YES;
				GCC_GENERATE_DEBUGGING_SYMBOLS = YES;
				GCC_INLINES_ARE_PRIVATE_EXTERN = NO;
				GCC_OPTIMIZATION_LEVEL = 0;
				GCC_PREPROCESSOR_DEFINITIONS = ("'CMAKE_INTDIR=\"$(CONFIGURATION)$(EFFECTIVE_PLATFORM_NAME)\"'");
				GCC_SYMBOLS_PRIVATE_EXTERN = NO;
				HEADER_SEARCH_PATHS = ("/Users/chushoutv/Desktop/opencv-3.3.1/bulid/3rdparty/ippicv/ippicv_mac/include","/Users/chushoutv/Desktop/opencv-3.3.1/bulid/3rdparty/ippicv/ippiw_mac/include","/Users/chushoutv/Desktop/opencv-3.3.1/bulid");
				INSTALL_PATH = "";
				OTHER_LDFLAGS = " ";
				OTHER_REZFLAGS = "";
				PRODUCT_NAME = ALL_BUILD;
				SECTORDER_FLAGS = "";
				SYMROOT = "/Users/chushoutv/Desktop/opencv-3.3.1/bulid/apps/visualisation";
				USE_HEADERMAP = NO;
				WARNING_CFLAGS = ("-Wmost","-Wno-four-char-constants","-Wno-unknown-pragmas","$(inherited)");
			};
			name = Debug;
		};
		7242E6B392B345C7BEE12F63 /* Release */ = {
			isa = XCBuildConfiguration;
			buildSettings = {
				MACOSX_DEPLOYMENT_TARGET = 10.12;
				ONLY_ACTIVE_ARCH = YES;
				SDKROOT = /Applications/Xcode.app/Contents/Developer/Platforms/MacOSX.platform/Developer/SDKs/MacOSX10.13.sdk;
				SYMROOT = "/Users/chushoutv/Desktop/opencv-3.3.1/bulid/apps/visualisation/build";
			};
			name = Release;
		};
		88CF7EE7A1AF4E75A2D8826B /* Release */ = {
			isa = XCBuildConfiguration;
			buildSettings = {
				COMBINE_HIDPI_IMAGES = YES;
				GCC_GENERATE_DEBUGGING_SYMBOLS = YES;
				GCC_INLINES_ARE_PRIVATE_EXTERN = NO;
				GCC_OPTIMIZATION_LEVEL = 0;
				GCC_PREPROCESSOR_DEFINITIONS = ("'CMAKE_INTDIR=\"$(CONFIGURATION)$(EFFECTIVE_PLATFORM_NAME)\"'");
				GCC_SYMBOLS_PRIVATE_EXTERN = NO;
				HEADER_SEARCH_PATHS = ("/Users/chushoutv/Desktop/opencv-3.3.1/bulid/3rdparty/ippicv/ippicv_mac/include","/Users/chushoutv/Desktop/opencv-3.3.1/bulid/3rdparty/ippicv/ippiw_mac/include","/Users/chushoutv/Desktop/opencv-3.3.1/bulid");
				INSTALL_PATH = "";
				OTHER_LDFLAGS = " ";
				OTHER_REZFLAGS = "";
				PRODUCT_NAME = ALL_BUILD;
				SECTORDER_FLAGS = "";
				SYMROOT = "/Users/chushoutv/Desktop/opencv-3.3.1/bulid/apps/visualisation";
				USE_HEADERMAP = NO;
				WARNING_CFLAGS = ("-Wmost","-Wno-four-char-constants","-Wno-unknown-pragmas","$(inherited)");
			};
			name = Release;
		};
		9A56E973ABBD4026A69243C6 /* Release */ = {
			isa = XCBuildConfiguration;
			buildSettings = {
				COMBINE_HIDPI_IMAGES = YES;
				GCC_GENERATE_DEBUGGING_SYMBOLS = YES;
				GCC_INLINES_ARE_PRIVATE_EXTERN = NO;
				GCC_OPTIMIZATION_LEVEL = 0;
				GCC_PREPROCESSOR_DEFINITIONS = ("'CMAKE_INTDIR=\"$(CONFIGURATION)$(EFFECTIVE_PLATFORM_NAME)\"'");
				GCC_SYMBOLS_PRIVATE_EXTERN = NO;
				HEADER_SEARCH_PATHS = ("/Users/chushoutv/Desktop/opencv-3.3.1/bulid/3rdparty/ippicv/ippicv_mac/include","/Users/chushoutv/Desktop/opencv-3.3.1/bulid/3rdparty/ippicv/ippiw_mac/include","/Users/chushoutv/Desktop/opencv-3.3.1/bulid");
				INSTALL_PATH = "";
				OTHER_LDFLAGS = " ";
				OTHER_REZFLAGS = "";
				PRODUCT_NAME = package;
				SECTORDER_FLAGS = "";
				SYMROOT = "/Users/chushoutv/Desktop/opencv-3.3.1/bulid/apps/visualisation";
				USE_HEADERMAP = NO;
				WARNING_CFLAGS = ("-Wmost","-Wno-four-char-constants","-Wno-unknown-pragmas","$(inherited)");
			};
			name = Release;
		};
		B525531D3B9E44129166E408 /* Release */ = {
			isa = XCBuildConfiguration;
			buildSettings = {
				COMBINE_HIDPI_IMAGES = YES;
				GCC_GENERATE_DEBUGGING_SYMBOLS = YES;
				GCC_INLINES_ARE_PRIVATE_EXTERN = NO;
				GCC_OPTIMIZATION_LEVEL = 0;
				GCC_PREPROCESSOR_DEFINITIONS = ("'CMAKE_INTDIR=\"$(CONFIGURATION)$(EFFECTIVE_PLATFORM_NAME)\"'");
				GCC_SYMBOLS_PRIVATE_EXTERN = NO;
				HEADER_SEARCH_PATHS = ("/Users/chushoutv/Desktop/opencv-3.3.1/bulid/3rdparty/ippicv/ippicv_mac/include","/Users/chushoutv/Desktop/opencv-3.3.1/bulid/3rdparty/ippicv/ippiw_mac/include","/Users/chushoutv/Desktop/opencv-3.3.1/bulid");
				INSTALL_PATH = "";
				OTHER_LDFLAGS = " ";
				OTHER_REZFLAGS = "";
				PRODUCT_NAME = ZERO_CHECK;
				SECTORDER_FLAGS = "";
				SYMROOT = "/Users/chushoutv/Desktop/opencv-3.3.1/bulid/apps/visualisation";
				USE_HEADERMAP = NO;
				WARNING_CFLAGS = ("-Wmost","-Wno-four-char-constants","-Wno-unknown-pragmas","$(inherited)");
			};
			name = Release;
		};
		D3C781C08BF4498A8F776BED /* Debug */ = {
			isa = XCBuildConfiguration;
			buildSettings = {
				COMBINE_HIDPI_IMAGES = YES;
				GCC_GENERATE_DEBUGGING_SYMBOLS = YES;
				GCC_INLINES_ARE_PRIVATE_EXTERN = NO;
				GCC_OPTIMIZATION_LEVEL = 0;
				GCC_PREPROCESSOR_DEFINITIONS = ("'CMAKE_INTDIR=\"$(CONFIGURATION)$(EFFECTIVE_PLATFORM_NAME)\"'");
				GCC_SYMBOLS_PRIVATE_EXTERN = NO;
				HEADER_SEARCH_PATHS = ("/Users/chushoutv/Desktop/opencv-3.3.1/bulid/3rdparty/ippicv/ippicv_mac/include","/Users/chushoutv/Desktop/opencv-3.3.1/bulid/3rdparty/ippicv/ippiw_mac/include","/Users/chushoutv/Desktop/opencv-3.3.1/bulid");
				INSTALL_PATH = "";
				OTHER_LDFLAGS = " ";
				OTHER_REZFLAGS = "";
				PRODUCT_NAME = install;
				SECTORDER_FLAGS = "";
				SYMROOT = "/Users/chushoutv/Desktop/opencv-3.3.1/bulid/apps/visualisation";
				USE_HEADERMAP = NO;
				WARNING_CFLAGS = ("-Wmost","-Wno-four-char-constants","-Wno-unknown-pragmas","$(inherited)");
			};
			name = Debug;
		};
		E1D9F32260A04CA3ACE23A24 /* Release */ = {
			isa = XCBuildConfiguration;
			buildSettings = {
				COMBINE_HIDPI_IMAGES = YES;
				GCC_GENERATE_DEBUGGING_SYMBOLS = YES;
				GCC_INLINES_ARE_PRIVATE_EXTERN = NO;
				GCC_OPTIMIZATION_LEVEL = 0;
				GCC_PREPROCESSOR_DEFINITIONS = ("'CMAKE_INTDIR=\"$(CONFIGURATION)$(EFFECTIVE_PLATFORM_NAME)\"'");
				GCC_SYMBOLS_PRIVATE_EXTERN = NO;
				HEADER_SEARCH_PATHS = ("/Users/chushoutv/Desktop/opencv-3.3.1/bulid/3rdparty/ippicv/ippicv_mac/include","/Users/chushoutv/Desktop/opencv-3.3.1/bulid/3rdparty/ippicv/ippiw_mac/include","/Users/chushoutv/Desktop/opencv-3.3.1/bulid");
				INSTALL_PATH = "";
				OTHER_LDFLAGS = " ";
				OTHER_REZFLAGS = "";
				PRODUCT_NAME = install;
				SECTORDER_FLAGS = "";
				SYMROOT = "/Users/chushoutv/Desktop/opencv-3.3.1/bulid/apps/visualisation";
				USE_HEADERMAP = NO;
				WARNING_CFLAGS = ("-Wmost","-Wno-four-char-constants","-Wno-unknown-pragmas","$(inherited)");
			};
			name = Release;
		};
		F3E1EFDF442F4FB4A59CE638 /* Debug */ = {
			isa = XCBuildConfiguration;
			buildSettings = {
				COMBINE_HIDPI_IMAGES = YES;
				CONFIGURATION_BUILD_DIR = "/Users/chushoutv/Desktop/opencv-3.3.1/bulid/bin/Debug";
				EXECUTABLE_PREFIX = "";
				EXECUTABLE_SUFFIX = "";
				GCC_GENERATE_DEBUGGING_SYMBOLS = YES;
				GCC_INLINES_ARE_PRIVATE_EXTERN = NO;
				GCC_OPTIMIZATION_LEVEL = 0;
				GCC_PREPROCESSOR_DEFINITIONS = ("'CMAKE_INTDIR=\"$(CONFIGURATION)$(EFFECTIVE_PLATFORM_NAME)\"'","'__OPENCV_BUILD=1'","'__OPENCV_APPS=1'");
				GCC_SYMBOLS_PRIVATE_EXTERN = NO;
				HEADER_SEARCH_PATHS = ("/Users/chushoutv/Desktop/opencv-3.3.1/bulid/3rdparty/ippicv/ippicv_mac/include","/Users/chushoutv/Desktop/opencv-3.3.1/bulid/3rdparty/ippicv/ippiw_mac/include","/Users/chushoutv/Desktop/opencv-3.3.1/bulid","/Users/chushoutv/Desktop/opencv-3.3.1/apps/visualisation/PRIVATE","/Users/chushoutv/Desktop/opencv-3.3.1/apps/visualisation","/Users/chushoutv/Desktop/opencv-3.3.1/include/opencv","/Users/chushoutv/Desktop/opencv-3.3.1/modules/core/include","/Users/chushoutv/Desktop/opencv-3.3.1/modules/highgui/include","/Users/chushoutv/Desktop/opencv-3.3.1/modules/imgproc/include","/Users/chushoutv/Desktop/opencv-3.3.1/modules/imgcodecs/include","/Users/chushoutv/Desktop/opencv-3.3.1/modules/videoio/include");
				INSTALL_PATH = "";
				LD_RUNPATH_SEARCH_PATHS = "/usr/local/lib /Users/chushoutv/Desktop/opencv-3.3.1/bulid/lib/Debug";
				LIBRARY_SEARCH_PATHS = " /usr/local/lib/$(CONFIGURATION)$(EFFECTIVE_PLATFORM_NAME) /usr/local/lib";
				OTHER_CPLUSPLUSFLAGS = "   -fsigned-char -W -Wall -Werror=return-type -Werror=non-virtual-dtor -Werror=address -Werror=sequence-point -Wformat -Werror=format-security -Wmissing-declarations -Wmissing-prototypes -Wstrict-prototypes -Wundef -Winit-self -Wpointer-arith -Wshadow -Wsign-promo -Wuninitialized -Winit-self -Wno-narrowing -Wno-delete-non-virtual-dtor -Wno-unnamed-type-template-args -Wno-comment -Wno-implicit-fallthrough -fdiagnostics-show-option -Wno-long-long -Qunused-arguments -Wno-semicolon-before-method-body -fno-omit-frame-pointer -ffunction-sections  -msse -msse2 -msse3 -fvisibility=hidden -fvisibility-inlines-hidden         -DDEBUG -D_DEBUG  ";
				OTHER_LDFLAGS = "    -Wl,-search_paths_first -Wl,-headerpad_max_install_names  /Users/chushoutv/Desktop/opencv-3.3.1/bulid/3rdparty/lib/Debug/libippiw.a /Users/chushoutv/Desktop/opencv-3.3.1/bulid/3rdparty/ippicv/ippicv_mac/lib/intel64/libippicv.a /Users/chushoutv/Desktop/opencv-3.3.1/bulid/lib/Debug/libopencv_highgui.3.3.1.dylib /Users/chushoutv/Desktop/opencv-3.3.1/bulid/lib/Debug/libopencv_videoio.3.3.1.dylib /Users/chushoutv/Desktop/opencv-3.3.1/bulid/lib/Debug/libopencv_imgcodecs.3.3.1.dylib /Users/chushoutv/Desktop/opencv-3.3.1/bulid/lib/Debug/libopencv_imgproc.3.3.1.dylib /Users/chushoutv/Desktop/opencv-3.3.1/bulid/lib/Debug/libopencv_core.3.3.1.dylib";
				OTHER_REZFLAGS = "";
				PRODUCT_NAME = opencv_visualisation;
				SECTORDER_FLAGS = "";
				SYMROOT = "/Users/chushoutv/Desktop/opencv-3.3.1/bulid/apps/visualisation";
				USE_HEADERMAP = NO;
				WARNING_CFLAGS = ("-Wmost","-Wno-four-char-constants","-Wno-unknown-pragmas","$(inherited)");
			};
			name = Debug;
		};
		FB2929AA5E6B4F9DAB81FDF9 /* Debug */ = {
			isa = XCBuildConfiguration;
			buildSettings = {
				COMBINE_HIDPI_IMAGES = YES;
				GCC_GENERATE_DEBUGGING_SYMBOLS = YES;
				GCC_INLINES_ARE_PRIVATE_EXTERN = NO;
				GCC_OPTIMIZATION_LEVEL = 0;
				GCC_PREPROCESSOR_DEFINITIONS = ("'CMAKE_INTDIR=\"$(CONFIGURATION)$(EFFECTIVE_PLATFORM_NAME)\"'");
				GCC_SYMBOLS_PRIVATE_EXTERN = NO;
				HEADER_SEARCH_PATHS = ("/Users/chushoutv/Desktop/opencv-3.3.1/bulid/3rdparty/ippicv/ippicv_mac/include","/Users/chushoutv/Desktop/opencv-3.3.1/bulid/3rdparty/ippicv/ippiw_mac/include","/Users/chushoutv/Desktop/opencv-3.3.1/bulid");
				INSTALL_PATH = "";
				OTHER_LDFLAGS = " ";
				OTHER_REZFLAGS = "";
				PRODUCT_NAME = ZERO_CHECK;
				SECTORDER_FLAGS = "";
				SYMROOT = "/Users/chushoutv/Desktop/opencv-3.3.1/bulid/apps/visualisation";
				USE_HEADERMAP = NO;
				WARNING_CFLAGS = ("-Wmost","-Wno-four-char-constants","-Wno-unknown-pragmas","$(inherited)");
			};
			name = Debug;
		};
/* End XCBuildConfiguration section */

/* Begin XCConfigurationList section */
		231CDCC22B1C425C9C12DB6D /* Build configuration list for PBXAggregateTarget "RUN_TESTS" */ = {
			isa = XCConfigurationList;
			buildConfigurations = (
				1FA3C25777FA48BAAE4185F9 /* Debug */,
				3E0E714D116E4BA093E8F784 /* Release */,
			);
			defaultConfigurationIsVisible = 0;
			defaultConfigurationName = Debug;
		};
		5F23E5FEFD3D4F708D564245 /* Build configuration list for PBXAggregateTarget "install" */ = {
			isa = XCConfigurationList;
			buildConfigurations = (
				D3C781C08BF4498A8F776BED /* Debug */,
				E1D9F32260A04CA3ACE23A24 /* Release */,
			);
			defaultConfigurationIsVisible = 0;
			defaultConfigurationName = Debug;
		};
		63311ECAA4AC46608AC6DCC7 /* Build configuration list for PBXAggregateTarget "package" */ = {
			isa = XCConfigurationList;
			buildConfigurations = (
				50E613DAC56143698970F61B /* Debug */,
				9A56E973ABBD4026A69243C6 /* Release */,
			);
			defaultConfigurationIsVisible = 0;
			defaultConfigurationName = Debug;
		};
		D608DC85412A42BCA13B5468 /* Build configuration list for PBXAggregateTarget "ZERO_CHECK" */ = {
			isa = XCConfigurationList;
			buildConfigurations = (
				FB2929AA5E6B4F9DAB81FDF9 /* Debug */,
				B525531D3B9E44129166E408 /* Release */,
			);
			defaultConfigurationIsVisible = 0;
			defaultConfigurationName = Debug;
		};
		E169EAA4837C45B89F6BA1C2 /* Build configuration list for PBXAggregateTarget "ALL_BUILD" */ = {
			isa = XCConfigurationList;
			buildConfigurations = (
				6C607FBE6C11487F8FEC7240 /* Debug */,
				88CF7EE7A1AF4E75A2D8826B /* Release */,
			);
			defaultConfigurationIsVisible = 0;
			defaultConfigurationName = Debug;
		};
		F83F58AD72414A58A26A9589 /* Build configuration list for PBXProject "visualisation" */ = {
			isa = XCConfigurationList;
			buildConfigurations = (
				22BDF318DB944B29A055F1AA /* Debug */,
				7242E6B392B345C7BEE12F63 /* Release */,
			);
			defaultConfigurationIsVisible = 0;
			defaultConfigurationName = Debug;
		};
		FC287A81A053447BBBEF0049 /* Build configuration list for PBXNativeTarget "opencv_visualisation" */ = {
			isa = XCConfigurationList;
			buildConfigurations = (
				F3E1EFDF442F4FB4A59CE638 /* Debug */,
				0DE9091F0166466B94C6CCB5 /* Release */,
			);
			defaultConfigurationIsVisible = 0;
			defaultConfigurationName = Debug;
		};
/* End XCConfigurationList section */
	};
	rootObject = 9F68D60478DD4878AAF2DA28 /* Project object */;
}
